// !$*UTF8*$!
{
	archiveVersion = 1;
	classes = {
	};
	objectVersion = 46;
	objects = {

/* Begin PBXBuildFile section */
		F95A636B1BC7F7BB002B949A /* FYBaseNavigationViewController.m in Sources */ = {isa = PBXBuildFile; fileRef = F95A636A1BC7F7BB002B949A /* FYBaseNavigationViewController.m */; settings = {ASSET_TAGS = (); }; };
		F95A636E1BC7F894002B949A /* FYBaseViewController.m in Sources */ = {isa = PBXBuildFile; fileRef = F95A636D1BC7F894002B949A /* FYBaseViewController.m */; settings = {ASSET_TAGS = (); }; };
		F98351591BCA0B0B00809E14 /* FYLoginViewController.m in Sources */ = {isa = PBXBuildFile; fileRef = F98351571BCA0B0B00809E14 /* FYLoginViewController.m */; settings = {ASSET_TAGS = (); }; };
		F983515A1BCA0B0B00809E14 /* FYLoginViewController.xib in Resources */ = {isa = PBXBuildFile; fileRef = F98351581BCA0B0B00809E14 /* FYLoginViewController.xib */; settings = {ASSET_TAGS = (); }; };
		F983515E1BCA0B5C00809E14 /* FYRegisterViewController.m in Sources */ = {isa = PBXBuildFile; fileRef = F983515C1BCA0B5C00809E14 /* FYRegisterViewController.m */; settings = {ASSET_TAGS = (); }; };
		F983515F1BCA0B5C00809E14 /* FYRegisterViewController.xib in Resources */ = {isa = PBXBuildFile; fileRef = F983515D1BCA0B5C00809E14 /* FYRegisterViewController.xib */; settings = {ASSET_TAGS = (); }; };
		F98351641BCA26E400809E14 /* FYListViewController.m in Sources */ = {isa = PBXBuildFile; fileRef = F98351621BCA26E400809E14 /* FYListViewController.m */; settings = {ASSET_TAGS = (); }; };
		F98351651BCA26E400809E14 /* FYListViewController.xib in Resources */ = {isa = PBXBuildFile; fileRef = F98351631BCA26E400809E14 /* FYListViewController.xib */; settings = {ASSET_TAGS = (); }; };
		F98351691BCA270A00809E14 /* FYListTableViewCell.m in Sources */ = {isa = PBXBuildFile; fileRef = F98351671BCA270A00809E14 /* FYListTableViewCell.m */; settings = {ASSET_TAGS = (); }; };
		F983516A1BCA270A00809E14 /* FYListTableViewCell.xib in Resources */ = {isa = PBXBuildFile; fileRef = F98351681BCA270A00809E14 /* FYListTableViewCell.xib */; settings = {ASSET_TAGS = (); }; };
		F983516E1BCA307100809E14 /* FYDeviceInitViewController.m in Sources */ = {isa = PBXBuildFile; fileRef = F983516C1BCA307100809E14 /* FYDeviceInitViewController.m */; settings = {ASSET_TAGS = (); }; };
		F983516F1BCA307100809E14 /* FYDeviceInitViewController.xib in Resources */ = {isa = PBXBuildFile; fileRef = F983516D1BCA307100809E14 /* FYDeviceInitViewController.xib */; settings = {ASSET_TAGS = (); }; };
		F98351731BCA333000809E14 /* FYAddDeviceViewController.m in Sources */ = {isa = PBXBuildFile; fileRef = F98351711BCA333000809E14 /* FYAddDeviceViewController.m */; settings = {ASSET_TAGS = (); }; };
		F98351741BCA333000809E14 /* FYAddDeviceViewController.xib in Resources */ = {isa = PBXBuildFile; fileRef = F98351721BCA333000809E14 /* FYAddDeviceViewController.xib */; settings = {ASSET_TAGS = (); }; };
		F98351781BCA370400809E14 /* FYJoinNetViewController.m in Sources */ = {isa = PBXBuildFile; fileRef = F98351761BCA370400809E14 /* FYJoinNetViewController.m */; settings = {ASSET_TAGS = (); }; };
		F98351791BCA370400809E14 /* FYJoinNetViewController.xib in Resources */ = {isa = PBXBuildFile; fileRef = F98351771BCA370400809E14 /* FYJoinNetViewController.xib */; settings = {ASSET_TAGS = (); }; };
		F983517E1BCA3FAE00809E14 /* FYEnterPINViewController.m in Sources */ = {isa = PBXBuildFile; fileRef = F983517C1BCA3FAE00809E14 /* FYEnterPINViewController.m */; settings = {ASSET_TAGS = (); }; };
		F983517F1BCA3FAE00809E14 /* FYEnterPINViewController.xib in Resources */ = {isa = PBXBuildFile; fileRef = F983517D1BCA3FAE00809E14 /* FYEnterPINViewController.xib */; settings = {ASSET_TAGS = (); }; };
		F9DEF7B41BC7F5CC00520CAA /* main.m in Sources */ = {isa = PBXBuildFile; fileRef = F9DEF7B31BC7F5CC00520CAA /* main.m */; };
		F9DEF7B71BC7F5CC00520CAA /* AppDelegate.m in Sources */ = {isa = PBXBuildFile; fileRef = F9DEF7B61BC7F5CC00520CAA /* AppDelegate.m */; };
		F9DEF7BA1BC7F5CC00520CAA /* ViewController.m in Sources */ = {isa = PBXBuildFile; fileRef = F9DEF7B91BC7F5CC00520CAA /* ViewController.m */; };
		F9DEF7BD1BC7F5CC00520CAA /* Main.storyboard in Resources */ = {isa = PBXBuildFile; fileRef = F9DEF7BB1BC7F5CC00520CAA /* Main.storyboard */; };
		F9DEF7BF1BC7F5CC00520CAA /* Images.xcassets in Resources */ = {isa = PBXBuildFile; fileRef = F9DEF7BE1BC7F5CC00520CAA /* Images.xcassets */; };
		F9DEF7C21BC7F5CC00520CAA /* LaunchScreen.xib in Resources */ = {isa = PBXBuildFile; fileRef = F9DEF7C01BC7F5CC00520CAA /* LaunchScreen.xib */; };
		F9DEF7CE1BC7F5CC00520CAA /* FYIntelligenceTests.m in Sources */ = {isa = PBXBuildFile; fileRef = F9DEF7CD1BC7F5CC00520CAA /* FYIntelligenceTests.m */; };
/* End PBXBuildFile section */

/* Begin PBXContainerItemProxy section */
		F9DEF7C81BC7F5CC00520CAA /* PBXContainerItemProxy */ = {
			isa = PBXContainerItemProxy;
			containerPortal = F9DEF7A61BC7F5CC00520CAA /* Project object */;
			proxyType = 1;
			remoteGlobalIDString = F9DEF7AD1BC7F5CC00520CAA;
			remoteInfo = FYIntelligence;
		};
/* End PBXContainerItemProxy section */

/* Begin PBXFileReference section */
		F95A63691BC7F7BB002B949A /* FYBaseNavigationViewController.h */ = {isa = PBXFileReference; fileEncoding = 4; lastKnownFileType = sourcecode.c.h; path = FYBaseNavigationViewController.h; sourceTree = "<group>"; };
		F95A636A1BC7F7BB002B949A /* FYBaseNavigationViewController.m */ = {isa = PBXFileReference; fileEncoding = 4; lastKnownFileType = sourcecode.c.objc; path = FYBaseNavigationViewController.m; sourceTree = "<group>"; };
		F95A636C1BC7F894002B949A /* FYBaseViewController.h */ = {isa = PBXFileReference; fileEncoding = 4; lastKnownFileType = sourcecode.c.h; path = FYBaseViewController.h; sourceTree = "<group>"; };
		F95A636D1BC7F894002B949A /* FYBaseViewController.m */ = {isa = PBXFileReference; fileEncoding = 4; lastKnownFileType = sourcecode.c.objc; path = FYBaseViewController.m; sourceTree = "<group>"; };
		F95A63741BC7F918002B949A /* FYPrefixHeader.pch */ = {isa = PBXFileReference; fileEncoding = 4; lastKnownFileType = sourcecode.c.h; path = FYPrefixHeader.pch; sourceTree = "<group>"; };
		F95A63761BC7FF5B002B949A /* const.h */ = {isa = PBXFileReference; fileEncoding = 4; lastKnownFileType = sourcecode.c.h; path = const.h; sourceTree = "<group>"; };
		F98351561BCA0B0B00809E14 /* FYLoginViewController.h */ = {isa = PBXFileReference; fileEncoding = 4; lastKnownFileType = sourcecode.c.h; path = FYLoginViewController.h; sourceTree = "<group>"; };
		F98351571BCA0B0B00809E14 /* FYLoginViewController.m */ = {isa = PBXFileReference; fileEncoding = 4; lastKnownFileType = sourcecode.c.objc; path = FYLoginViewController.m; sourceTree = "<group>"; };
		F98351581BCA0B0B00809E14 /* FYLoginViewController.xib */ = {isa = PBXFileReference; fileEncoding = 4; lastKnownFileType = file.xib; path = FYLoginViewController.xib; sourceTree = "<group>"; };
		F983515B1BCA0B5C00809E14 /* FYRegisterViewController.h */ = {isa = PBXFileReference; fileEncoding = 4; lastKnownFileType = sourcecode.c.h; path = FYRegisterViewController.h; sourceTree = "<group>"; };
		F983515C1BCA0B5C00809E14 /* FYRegisterViewController.m */ = {isa = PBXFileReference; fileEncoding = 4; lastKnownFileType = sourcecode.c.objc; path = FYRegisterViewController.m; sourceTree = "<group>"; };
		F983515D1BCA0B5C00809E14 /* FYRegisterViewController.xib */ = {isa = PBXFileReference; fileEncoding = 4; lastKnownFileType = file.xib; path = FYRegisterViewController.xib; sourceTree = "<group>"; };
		F98351611BCA26E400809E14 /* FYListViewController.h */ = {isa = PBXFileReference; fileEncoding = 4; lastKnownFileType = sourcecode.c.h; path = FYListViewController.h; sourceTree = "<group>"; };
		F98351621BCA26E400809E14 /* FYListViewController.m */ = {isa = PBXFileReference; fileEncoding = 4; lastKnownFileType = sourcecode.c.objc; path = FYListViewController.m; sourceTree = "<group>"; };
		F98351631BCA26E400809E14 /* FYListViewController.xib */ = {isa = PBXFileReference; fileEncoding = 4; lastKnownFileType = file.xib; path = FYListViewController.xib; sourceTree = "<group>"; };
		F98351661BCA270A00809E14 /* FYListTableViewCell.h */ = {isa = PBXFileReference; fileEncoding = 4; lastKnownFileType = sourcecode.c.h; path = FYListTableViewCell.h; sourceTree = "<group>"; };
		F98351671BCA270A00809E14 /* FYListTableViewCell.m */ = {isa = PBXFileReference; fileEncoding = 4; lastKnownFileType = sourcecode.c.objc; path = FYListTableViewCell.m; sourceTree = "<group>"; };
		F98351681BCA270A00809E14 /* FYListTableViewCell.xib */ = {isa = PBXFileReference; fileEncoding = 4; lastKnownFileType = file.xib; path = FYListTableViewCell.xib; sourceTree = "<group>"; };
		F983516B1BCA307100809E14 /* FYDeviceInitViewController.h */ = {isa = PBXFileReference; fileEncoding = 4; lastKnownFileType = sourcecode.c.h; path = FYDeviceInitViewController.h; sourceTree = "<group>"; };
		F983516C1BCA307100809E14 /* FYDeviceInitViewController.m */ = {isa = PBXFileReference; fileEncoding = 4; lastKnownFileType = sourcecode.c.objc; path = FYDeviceInitViewController.m; sourceTree = "<group>"; };
		F983516D1BCA307100809E14 /* FYDeviceInitViewController.xib */ = {isa = PBXFileReference; fileEncoding = 4; lastKnownFileType = file.xib; path = FYDeviceInitViewController.xib; sourceTree = "<group>"; };
		F98351701BCA333000809E14 /* FYAddDeviceViewController.h */ = {isa = PBXFileReference; fileEncoding = 4; lastKnownFileType = sourcecode.c.h; path = FYAddDeviceViewController.h; sourceTree = "<group>"; };
		F98351711BCA333000809E14 /* FYAddDeviceViewController.m */ = {isa = PBXFileReference; fileEncoding = 4; lastKnownFileType = sourcecode.c.objc; path = FYAddDeviceViewController.m; sourceTree = "<group>"; };
		F98351721BCA333000809E14 /* FYAddDeviceViewController.xib */ = {isa = PBXFileReference; fileEncoding = 4; lastKnownFileType = file.xib; path = FYAddDeviceViewController.xib; sourceTree = "<group>"; };
		F98351751BCA370400809E14 /* FYJoinNetViewController.h */ = {isa = PBXFileReference; fileEncoding = 4; lastKnownFileType = sourcecode.c.h; path = FYJoinNetViewController.h; sourceTree = "<group>"; };
		F98351761BCA370400809E14 /* FYJoinNetViewController.m */ = {isa = PBXFileReference; fileEncoding = 4; lastKnownFileType = sourcecode.c.objc; path = FYJoinNetViewController.m; sourceTree = "<group>"; };
		F98351771BCA370400809E14 /* FYJoinNetViewController.xib */ = {isa = PBXFileReference; fileEncoding = 4; lastKnownFileType = file.xib; path = FYJoinNetViewController.xib; sourceTree = "<group>"; };
		F983517B1BCA3FAE00809E14 /* FYEnterPINViewController.h */ = {isa = PBXFileReference; fileEncoding = 4; lastKnownFileType = sourcecode.c.h; path = FYEnterPINViewController.h; sourceTree = "<group>"; };
		F983517C1BCA3FAE00809E14 /* FYEnterPINViewController.m */ = {isa = PBXFileReference; fileEncoding = 4; lastKnownFileType = sourcecode.c.objc; path = FYEnterPINViewController.m; sourceTree = "<group>"; };
		F983517D1BCA3FAE00809E14 /* FYEnterPINViewController.xib */ = {isa = PBXFileReference; fileEncoding = 4; lastKnownFileType = file.xib; path = FYEnterPINViewController.xib; sourceTree = "<group>"; };
		F9DEF7AE1BC7F5CC00520CAA /* FYIntelligence.app */ = {isa = PBXFileReference; explicitFileType = wrapper.application; includeInIndex = 0; path = FYIntelligence.app; sourceTree = BUILT_PRODUCTS_DIR; };
		F9DEF7B21BC7F5CC00520CAA /* Info.plist */ = {isa = PBXFileReference; lastKnownFileType = text.plist.xml; path = Info.plist; sourceTree = "<group>"; };
		F9DEF7B31BC7F5CC00520CAA /* main.m */ = {isa = PBXFileReference; lastKnownFileType = sourcecode.c.objc; path = main.m; sourceTree = "<group>"; };
		F9DEF7B51BC7F5CC00520CAA /* AppDelegate.h */ = {isa = PBXFileReference; lastKnownFileType = sourcecode.c.h; path = AppDelegate.h; sourceTree = "<group>"; };
		F9DEF7B61BC7F5CC00520CAA /* AppDelegate.m */ = {isa = PBXFileReference; lastKnownFileType = sourcecode.c.objc; path = AppDelegate.m; sourceTree = "<group>"; };
		F9DEF7B81BC7F5CC00520CAA /* ViewController.h */ = {isa = PBXFileReference; lastKnownFileType = sourcecode.c.h; path = ViewController.h; sourceTree = "<group>"; };
		F9DEF7B91BC7F5CC00520CAA /* ViewController.m */ = {isa = PBXFileReference; lastKnownFileType = sourcecode.c.objc; path = ViewController.m; sourceTree = "<group>"; };
		F9DEF7BC1BC7F5CC00520CAA /* Base */ = {isa = PBXFileReference; lastKnownFileType = file.storyboard; name = Base; path = Base.lproj/Main.storyboard; sourceTree = "<group>"; };
		F9DEF7BE1BC7F5CC00520CAA /* Images.xcassets */ = {isa = PBXFileReference; lastKnownFileType = folder.assetcatalog; path = Images.xcassets; sourceTree = "<group>"; };
		F9DEF7C11BC7F5CC00520CAA /* Base */ = {isa = PBXFileReference; lastKnownFileType = file.xib; name = Base; path = Base.lproj/LaunchScreen.xib; sourceTree = "<group>"; };
		F9DEF7C71BC7F5CC00520CAA /* FYIntelligenceTests.xctest */ = {isa = PBXFileReference; explicitFileType = wrapper.cfbundle; includeInIndex = 0; path = FYIntelligenceTests.xctest; sourceTree = BUILT_PRODUCTS_DIR; };
		F9DEF7CC1BC7F5CC00520CAA /* Info.plist */ = {isa = PBXFileReference; lastKnownFileType = text.plist.xml; path = Info.plist; sourceTree = "<group>"; };
		F9DEF7CD1BC7F5CC00520CAA /* FYIntelligenceTests.m */ = {isa = PBXFileReference; lastKnownFileType = sourcecode.c.objc; path = FYIntelligenceTests.m; sourceTree = "<group>"; };
/* End PBXFileReference section */

/* Begin PBXFrameworksBuildPhase section */
		F9DEF7AB1BC7F5CC00520CAA /* Frameworks */ = {
			isa = PBXFrameworksBuildPhase;
			buildActionMask = 2147483647;
			files = (
			);
			runOnlyForDeploymentPostprocessing = 0;
		};
		F9DEF7C41BC7F5CC00520CAA /* Frameworks */ = {
			isa = PBXFrameworksBuildPhase;
			buildActionMask = 2147483647;
			files = (
			);
			runOnlyForDeploymentPostprocessing = 0;
		};
/* End PBXFrameworksBuildPhase section */

/* Begin PBXGroup section */
		F95A63681BC7F7A5002B949A /* FYBaseViewController */ = {
			isa = PBXGroup;
			children = (
				F95A63691BC7F7BB002B949A /* FYBaseNavigationViewController.h */,
				F95A636A1BC7F7BB002B949A /* FYBaseNavigationViewController.m */,
				F95A636C1BC7F894002B949A /* FYBaseViewController.h */,
				F95A636D1BC7F894002B949A /* FYBaseViewController.m */,
			);
			path = FYBaseViewController;
			sourceTree = "<group>";
		};
		F98351551BCA0B0B00809E14 /* User */ = {
			isa = PBXGroup;
			children = (
				F983515B1BCA0B5C00809E14 /* FYRegisterViewController.h */,
				F983515C1BCA0B5C00809E14 /* FYRegisterViewController.m */,
				F983515D1BCA0B5C00809E14 /* FYRegisterViewController.xib */,
				F98351561BCA0B0B00809E14 /* FYLoginViewController.h */,
				F98351571BCA0B0B00809E14 /* FYLoginViewController.m */,
				F98351581BCA0B0B00809E14 /* FYLoginViewController.xib */,
			);
			path = User;
			sourceTree = "<group>";
		};
		F98351601BCA26C800809E14 /* List */ = {
			isa = PBXGroup;
			children = (
				F98351611BCA26E400809E14 /* FYListViewController.h */,
				F98351621BCA26E400809E14 /* FYListViewController.m */,
				F98351631BCA26E400809E14 /* FYListViewController.xib */,
				F98351661BCA270A00809E14 /* FYListTableViewCell.h */,
				F98351671BCA270A00809E14 /* FYListTableViewCell.m */,
				F98351681BCA270A00809E14 /* FYListTableViewCell.xib */,
				F983516B1BCA307100809E14 /* FYDeviceInitViewController.h */,
				F983516C1BCA307100809E14 /* FYDeviceInitViewController.m */,
				F983516D1BCA307100809E14 /* FYDeviceInitViewController.xib */,
				F98351701BCA333000809E14 /* FYAddDeviceViewController.h */,
				F98351711BCA333000809E14 /* FYAddDeviceViewController.m */,
				F98351721BCA333000809E14 /* FYAddDeviceViewController.xib */,
				F98351751BCA370400809E14 /* FYJoinNetViewController.h */,
				F98351761BCA370400809E14 /* FYJoinNetViewController.m */,
				F98351771BCA370400809E14 /* FYJoinNetViewController.xib */,
			);
			path = List;
			sourceTree = "<group>";
		};
		F983517A1BCA3F0C00809E14 /* CustomView */ = {
			isa = PBXGroup;
			children = (
				F983517B1BCA3FAE00809E14 /* FYEnterPINViewController.h */,
				F983517C1BCA3FAE00809E14 /* FYEnterPINViewController.m */,
				F983517D1BCA3FAE00809E14 /* FYEnterPINViewController.xib */,
			);
			path = CustomView;
			sourceTree = "<group>";
		};
		F9DEF7A51BC7F5CC00520CAA = {
			isa = PBXGroup;
			children = (
				F9DEF7B01BC7F5CC00520CAA /* FYIntelligence */,
				F9DEF7CA1BC7F5CC00520CAA /* FYIntelligenceTests */,
				F9DEF7AF1BC7F5CC00520CAA /* Products */,
			);
			sourceTree = "<group>";
		};
		F9DEF7AF1BC7F5CC00520CAA /* Products */ = {
			isa = PBXGroup;
			children = (
				F9DEF7AE1BC7F5CC00520CAA /* FYIntelligence.app */,
				F9DEF7C71BC7F5CC00520CAA /* FYIntelligenceTests.xctest */,
			);
			name = Products;
			sourceTree = "<group>";
		};
		F9DEF7B01BC7F5CC00520CAA /* FYIntelligence */ = {
			isa = PBXGroup;
			children = (
				F983517A1BCA3F0C00809E14 /* CustomView */,
				F98351601BCA26C800809E14 /* List */,
				F98351551BCA0B0B00809E14 /* User */,
				F95A63681BC7F7A5002B949A /* FYBaseViewController */,
				F9DEF7B51BC7F5CC00520CAA /* AppDelegate.h */,
				F9DEF7B61BC7F5CC00520CAA /* AppDelegate.m */,
				F9DEF7B81BC7F5CC00520CAA /* ViewController.h */,
				F9DEF7B91BC7F5CC00520CAA /* ViewController.m */,
				F9DEF7BB1BC7F5CC00520CAA /* Main.storyboard */,
				F9DEF7BE1BC7F5CC00520CAA /* Images.xcassets */,
				F9DEF7C01BC7F5CC00520CAA /* LaunchScreen.xib */,
				F9DEF7B11BC7F5CC00520CAA /* Supporting Files */,
			);
			path = FYIntelligence;
			sourceTree = "<group>";
		};
		F9DEF7B11BC7F5CC00520CAA /* Supporting Files */ = {
			isa = PBXGroup;
			children = (
				F9DEF7B21BC7F5CC00520CAA /* Info.plist */,
				F9DEF7B31BC7F5CC00520CAA /* main.m */,
				F95A63741BC7F918002B949A /* FYPrefixHeader.pch */,
				F95A63761BC7FF5B002B949A /* const.h */,
			);
			name = "Supporting Files";
			sourceTree = "<group>";
		};
		F9DEF7CA1BC7F5CC00520CAA /* FYIntelligenceTests */ = {
			isa = PBXGroup;
			children = (
				F9DEF7CD1BC7F5CC00520CAA /* FYIntelligenceTests.m */,
				F9DEF7CB1BC7F5CC00520CAA /* Supporting Files */,
			);
			path = FYIntelligenceTests;
			sourceTree = "<group>";
		};
		F9DEF7CB1BC7F5CC00520CAA /* Supporting Files */ = {
			isa = PBXGroup;
			children = (
				F9DEF7CC1BC7F5CC00520CAA /* Info.plist */,
			);
			name = "Supporting Files";
			sourceTree = "<group>";
		};
/* End PBXGroup section */

/* Begin PBXNativeTarget section */
		F9DEF7AD1BC7F5CC00520CAA /* FYIntelligence */ = {
			isa = PBXNativeTarget;
			buildConfigurationList = F9DEF7D11BC7F5CC00520CAA /* Build configuration list for PBXNativeTarget "FYIntelligence" */;
			buildPhases = (
				F9DEF7AA1BC7F5CC00520CAA /* Sources */,
				F9DEF7AB1BC7F5CC00520CAA /* Frameworks */,
				F9DEF7AC1BC7F5CC00520CAA /* Resources */,
			);
			buildRules = (
			);
			dependencies = (
			);
			name = FYIntelligence;
			productName = FYIntelligence;
			productReference = F9DEF7AE1BC7F5CC00520CAA /* FYIntelligence.app */;
			productType = "com.apple.product-type.application";
		};
		F9DEF7C61BC7F5CC00520CAA /* FYIntelligenceTests */ = {
			isa = PBXNativeTarget;
			buildConfigurationList = F9DEF7D41BC7F5CC00520CAA /* Build configuration list for PBXNativeTarget "FYIntelligenceTests" */;
			buildPhases = (
				F9DEF7C31BC7F5CC00520CAA /* Sources */,
				F9DEF7C41BC7F5CC00520CAA /* Frameworks */,
				F9DEF7C51BC7F5CC00520CAA /* Resources */,
			);
			buildRules = (
			);
			dependencies = (
				F9DEF7C91BC7F5CC00520CAA /* PBXTargetDependency */,
			);
			name = FYIntelligenceTests;
			productName = FYIntelligenceTests;
			productReference = F9DEF7C71BC7F5CC00520CAA /* FYIntelligenceTests.xctest */;
			productType = "com.apple.product-type.bundle.unit-test";
		};
/* End PBXNativeTarget section */

/* Begin PBXProject section */
		F9DEF7A61BC7F5CC00520CAA /* Project object */ = {
			isa = PBXProject;
			attributes = {
				LastUpgradeCheck = 0700;
				ORGANIZATIONNAME = changxicao;
				TargetAttributes = {
					F9DEF7AD1BC7F5CC00520CAA = {
						CreatedOnToolsVersion = 6.4;
						DevelopmentTeam = N65WEX6NUE;
					};
					F9DEF7C61BC7F5CC00520CAA = {
						CreatedOnToolsVersion = 6.4;
						TestTargetID = F9DEF7AD1BC7F5CC00520CAA;
					};
				};
			};
			buildConfigurationList = F9DEF7A91BC7F5CC00520CAA /* Build configuration list for PBXProject "FYIntelligence" */;
			compatibilityVersion = "Xcode 3.2";
			developmentRegion = English;
			hasScannedForEncodings = 0;
			knownRegions = (
				en,
				Base,
			);
			mainGroup = F9DEF7A51BC7F5CC00520CAA;
			productRefGroup = F9DEF7AF1BC7F5CC00520CAA /* Products */;
			projectDirPath = "";
			projectRoot = "";
			targets = (
				F9DEF7AD1BC7F5CC00520CAA /* FYIntelligence */,
				F9DEF7C61BC7F5CC00520CAA /* FYIntelligenceTests */,
			);
		};
/* End PBXProject section */

/* Begin PBXResourcesBuildPhase section */
		F9DEF7AC1BC7F5CC00520CAA /* Resources */ = {
			isa = PBXResourcesBuildPhase;
			buildActionMask = 2147483647;
			files = (
				F9DEF7BD1BC7F5CC00520CAA /* Main.storyboard in Resources */,
				F983516F1BCA307100809E14 /* FYDeviceInitViewController.xib in Resources */,
				F983515A1BCA0B0B00809E14 /* FYLoginViewController.xib in Resources */,
				F9DEF7C21BC7F5CC00520CAA /* LaunchScreen.xib in Resources */,
				F98351741BCA333000809E14 /* FYAddDeviceViewController.xib in Resources */,
				F98351651BCA26E400809E14 /* FYListViewController.xib in Resources */,
				F983516A1BCA270A00809E14 /* FYListTableViewCell.xib in Resources */,
				F983515F1BCA0B5C00809E14 /* FYRegisterViewController.xib in Resources */,
				F983517F1BCA3FAE00809E14 /* FYEnterPINViewController.xib in Resources */,
				F9DEF7BF1BC7F5CC00520CAA /* Images.xcassets in Resources */,
				F98351791BCA370400809E14 /* FYJoinNetViewController.xib in Resources */,
			);
			runOnlyForDeploymentPostprocessing = 0;
		};
		F9DEF7C51BC7F5CC00520CAA /* Resources */ = {
			isa = PBXResourcesBuildPhase;
			buildActionMask = 2147483647;
			files = (
			);
			runOnlyForDeploymentPostprocessing = 0;
		};
/* End PBXResourcesBuildPhase section */

/* Begin PBXSourcesBuildPhase section */
		F9DEF7AA1BC7F5CC00520CAA /* Sources */ = {
			isa = PBXSourcesBuildPhase;
			buildActionMask = 2147483647;
			files = (
				F98351691BCA270A00809E14 /* FYListTableViewCell.m in Sources */,
				F98351781BCA370400809E14 /* FYJoinNetViewController.m in Sources */,
				F983516E1BCA307100809E14 /* FYDeviceInitViewController.m in Sources */,
				F983515E1BCA0B5C00809E14 /* FYRegisterViewController.m in Sources */,
				F9DEF7BA1BC7F5CC00520CAA /* ViewController.m in Sources */,
				F98351591BCA0B0B00809E14 /* FYLoginViewController.m in Sources */,
				F98351641BCA26E400809E14 /* FYListViewController.m in Sources */,
				F983517E1BCA3FAE00809E14 /* FYEnterPINViewController.m in Sources */,
				F9DEF7B71BC7F5CC00520CAA /* AppDelegate.m in Sources */,
				F95A636E1BC7F894002B949A /* FYBaseViewController.m in Sources */,
				F95A636B1BC7F7BB002B949A /* FYBaseNavigationViewController.m in Sources */,
				F9DEF7B41BC7F5CC00520CAA /* main.m in Sources */,
				F98351731BCA333000809E14 /* FYAddDeviceViewController.m in Sources */,
			);
			runOnlyForDeploymentPostprocessing = 0;
		};
		F9DEF7C31BC7F5CC00520CAA /* Sources */ = {
			isa = PBXSourcesBuildPhase;
			buildActionMask = 2147483647;
			files = (
				F9DEF7CE1BC7F5CC00520CAA /* FYIntelligenceTests.m in Sources */,
			);
			runOnlyForDeploymentPostprocessing = 0;
		};
/* End PBXSourcesBuildPhase section */

/* Begin PBXTargetDependency section */
		F9DEF7C91BC7F5CC00520CAA /* PBXTargetDependency */ = {
			isa = PBXTargetDependency;
			target = F9DEF7AD1BC7F5CC00520CAA /* FYIntelligence */;
			targetProxy = F9DEF7C81BC7F5CC00520CAA /* PBXContainerItemProxy */;
		};
/* End PBXTargetDependency section */

/* Begin PBXVariantGroup section */
		F9DEF7BB1BC7F5CC00520CAA /* Main.storyboard */ = {
			isa = PBXVariantGroup;
			children = (
				F9DEF7BC1BC7F5CC00520CAA /* Base */,
			);
			name = Main.storyboard;
			sourceTree = "<group>";
		};
		F9DEF7C01BC7F5CC00520CAA /* LaunchScreen.xib */ = {
			isa = PBXVariantGroup;
			children = (
				F9DEF7C11BC7F5CC00520CAA /* Base */,
			);
			name = LaunchScreen.xib;
			sourceTree = "<group>";
		};
/* End PBXVariantGroup section */

/* Begin XCBuildConfiguration section */
		F9DEF7CF1BC7F5CC00520CAA /* Debug */ = {
			isa = XCBuildConfiguration;
			buildSettings = {
				ALWAYS_SEARCH_USER_PATHS = NO;
				CLANG_CXX_LANGUAGE_STANDARD = "gnu++0x";
				CLANG_CXX_LIBRARY = "libc++";
				CLANG_ENABLE_MODULES = YES;
				CLANG_ENABLE_OBJC_ARC = YES;
				CLANG_WARN_BOOL_CONVERSION = YES;
				CLANG_WARN_CONSTANT_CONVERSION = YES;
				CLANG_WARN_DIRECT_OBJC_ISA_USAGE = YES_ERROR;
				CLANG_WARN_EMPTY_BODY = YES;
				CLANG_WARN_ENUM_CONVERSION = YES;
				CLANG_WARN_INT_CONVERSION = YES;
				CLANG_WARN_OBJC_ROOT_CLASS = YES_ERROR;
				CLANG_WARN_UNREACHABLE_CODE = YES;
				CLANG_WARN__DUPLICATE_METHOD_MATCH = YES;
				"CODE_SIGN_IDENTITY[sdk=iphoneos*]" = "iPhone Developer";
				COPY_PHASE_STRIP = NO;
				DEBUG_INFORMATION_FORMAT = "dwarf-with-dsym";
				ENABLE_STRICT_OBJC_MSGSEND = YES;
				ENABLE_TESTABILITY = YES;
				GCC_C_LANGUAGE_STANDARD = gnu99;
				GCC_DYNAMIC_NO_PIC = NO;
				GCC_NO_COMMON_BLOCKS = YES;
				GCC_OPTIMIZATION_LEVEL = 0;
				GCC_PREPROCESSOR_DEFINITIONS = (
					"DEBUG=1",
					"$(inherited)",
				);
				GCC_SYMBOLS_PRIVATE_EXTERN = NO;
				GCC_WARN_64_TO_32_BIT_CONVERSION = YES;
				GCC_WARN_ABOUT_RETURN_TYPE = YES_ERROR;
				GCC_WARN_UNDECLARED_SELECTOR = YES;
				GCC_WARN_UNINITIALIZED_AUTOS = YES_AGGRESSIVE;
				GCC_WARN_UNUSED_FUNCTION = YES;
				GCC_WARN_UNUSED_VARIABLE = YES;
				IPHONEOS_DEPLOYMENT_TARGET = 7.0;
				MTL_ENABLE_DEBUG_INFO = YES;
				ONLY_ACTIVE_ARCH = YES;
				SDKROOT = iphoneos;
			};
			name = Debug;
		};
		F9DEF7D01BC7F5CC00520CAA /* Release */ = {
			isa = XCBuildConfiguration;
			buildSettings = {
				ALWAYS_SEARCH_USER_PATHS = NO;
				CLANG_CXX_LANGUAGE_STANDARD = "gnu++0x";
				CLANG_CXX_LIBRARY = "libc++";
				CLANG_ENABLE_MODULES = YES;
				CLANG_ENABLE_OBJC_ARC = YES;
				CLANG_WARN_BOOL_CONVERSION = YES;
				CLANG_WARN_CONSTANT_CONVERSION = YES;
				CLANG_WARN_DIRECT_OBJC_ISA_USAGE = YES_ERROR;
				CLANG_WARN_EMPTY_BODY = YES;
				CLANG_WARN_ENUM_CONVERSION = YES;
				CLANG_WARN_INT_CONVERSION = YES;
				CLANG_WARN_OBJC_ROOT_CLASS = YES_ERROR;
				CLANG_WARN_UNREACHABLE_CODE = YES;
				CLANG_WARN__DUPLICATE_METHOD_MATCH = YES;
				"CODE_SIGN_IDENTITY[sdk=iphoneos*]" = "iPhone Developer";
				COPY_PHASE_STRIP = NO;
				DEBUG_INFORMATION_FORMAT = "dwarf-with-dsym";
				ENABLE_NS_ASSERTIONS = NO;
				ENABLE_STRICT_OBJC_MSGSEND = YES;
				GCC_C_LANGUAGE_STANDARD = gnu99;
				GCC_NO_COMMON_BLOCKS = YES;
				GCC_WARN_64_TO_32_BIT_CONVERSION = YES;
				GCC_WARN_ABOUT_RETURN_TYPE = YES_ERROR;
				GCC_WARN_UNDECLARED_SELECTOR = YES;
				GCC_WARN_UNINITIALIZED_AUTOS = YES_AGGRESSIVE;
				GCC_WARN_UNUSED_FUNCTION = YES;
				GCC_WARN_UNUSED_VARIABLE = YES;
				IPHONEOS_DEPLOYMENT_TARGET = 7.0;
				MTL_ENABLE_DEBUG_INFO = NO;
				SDKROOT = iphoneos;
				VALIDATE_PRODUCT = YES;
			};
			name = Release;
		};
		F9DEF7D21BC7F5CC00520CAA /* Debug */ = {
			isa = XCBuildConfiguration;
			buildSettings = {
				ASSETCATALOG_COMPILER_APPICON_NAME = AppIcon;
				ASSETCATALOG_COMPILER_LAUNCHIMAGE_NAME = LaunchImage;
				CODE_SIGN_IDENTITY = "iPhone Distribution: Jiangsu SHGOO Technology Co., Ltd";
				GCC_PRECOMPILE_PREFIX_HEADER = NO;
				GCC_PREFIX_HEADER = "$(SRCROOT)/FYIntelligence/FYPrefixHeader.pch";
				INFOPLIST_FILE = FYIntelligence/Info.plist;
				IPHONEOS_DEPLOYMENT_TARGET = 7.0;
				LD_RUNPATH_SEARCH_PATHS = "$(inherited) @executable_path/Frameworks";
				PRODUCT_BUNDLE_IDENTIFIER = com.daniuquan.FYIntelligence;
				PRODUCT_NAME = "$(TARGET_NAME)";
				PROVISIONING_PROFILE = "690ae0fe-3269-4801-97b3-b26b209573f0";
			};
			name = Debug;
		};
		F9DEF7D31BC7F5CC00520CAA /* Release */ = {
			isa = XCBuildConfiguration;
			buildSettings = {
				ASSETCATALOG_COMPILER_APPICON_NAME = AppIcon;
				ASSETCATALOG_COMPILER_LAUNCHIMAGE_NAME = LaunchImage;
				CODE_SIGN_IDENTITY = "iPhone Distribution: Jiangsu SHGOO Technology Co., Ltd";
				GCC_PRECOMPILE_PREFIX_HEADER = NO;
				GCC_PREFIX_HEADER = "$(SRCROOT)/FYIntelligence/FYPrefixHeader.pch";
				INFOPLIST_FILE = FYIntelligence/Info.plist;
				IPHONEOS_DEPLOYMENT_TARGET = 7.0;
				LD_RUNPATH_SEARCH_PATHS = "$(inherited) @executable_path/Frameworks";
				PRODUCT_BUNDLE_IDENTIFIER = com.daniuquan.FYIntelligence;
				PRODUCT_NAME = "$(TARGET_NAME)";
				PROVISIONING_PROFILE = "690ae0fe-3269-4801-97b3-b26b209573f0";
			};
			name = Release;
		};
		F9DEF7D51BC7F5CC00520CAA /* Debug */ = {
			isa = XCBuildConfiguration;
			buildSettings = {
				BUNDLE_LOADER = "$(TEST_HOST)";
				FRAMEWORK_SEARCH_PATHS = (
					"$(SDKROOT)/Developer/Library/Frameworks",
					"$(inherited)",
				);
				GCC_PREPROCESSOR_DEFINITIONS = (
					"DEBUG=1",
					"$(inherited)",
				);
				INFOPLIST_FILE = FYIntelligenceTests/Info.plist;
				LD_RUNPATH_SEARCH_PATHS = "$(inherited) @executable_path/Frameworks @loader_path/Frameworks";
				PRODUCT_BUNDLE_IDENTIFIER = "beta.$(PRODUCT_NAME:rfc1034identifier)";
				PRODUCT_NAME = "$(TARGET_NAME)";
				TEST_HOST = "$(BUILT_PRODUCTS_DIR)/FYIntelligence.app/FYIntelligence";
			};
			name = Debug;
		};
		F9DEF7D61BC7F5CC00520CAA /* Release */ = {
			isa = XCBuildConfiguration;
			buildSettings = {
				BUNDLE_LOADER = "$(TEST_HOST)";
				FRAMEWORK_SEARCH_PATHS = (
					"$(SDKROOT)/Developer/Library/Frameworks",
					"$(inherited)",
				);
				INFOPLIST_FILE = FYIntelligenceTests/Info.plist;
				LD_RUNPATH_SEARCH_PATHS = "$(inherited) @executable_path/Frameworks @loader_path/Frameworks";
				PRODUCT_BUNDLE_IDENTIFIER = "beta.$(PRODUCT_NAME:rfc1034identifier)";
				PRODUCT_NAME = "$(TARGET_NAME)";
				TEST_HOST = "$(BUILT_PRODUCTS_DIR)/FYIntelligence.app/FYIntelligence";
			};
			name = Release;
		};
/* End XCBuildConfiguration section */

/* Begin XCConfigurationList section */
		F9DEF7A91BC7F5CC00520CAA /* Build configuration list for PBXProject "FYIntelligence" */ = {
			isa = XCConfigurationList;
			buildConfigurations = (
				F9DEF7CF1BC7F5CC00520CAA /* Debug */,
				F9DEF7D01BC7F5CC00520CAA /* Release */,
			);
			defaultConfigurationIsVisible = 0;
			defaultConfigurationName = Release;
		};
		F9DEF7D11BC7F5CC00520CAA /* Build configuration list for PBXNativeTarget "FYIntelligence" */ = {
			isa = XCConfigurationList;
			buildConfigurations = (
				F9DEF7D21BC7F5CC00520CAA /* Debug */,
				F9DEF7D31BC7F5CC00520CAA /* Release */,
			);
			defaultConfigurationIsVisible = 0;
			defaultConfigurationName = Release;
		};
		F9DEF7D41BC7F5CC00520CAA /* Build configuration list for PBXNativeTarget "FYIntelligenceTests" */ = {
			isa = XCConfigurationList;
			buildConfigurations = (
				F9DEF7D51BC7F5CC00520CAA /* Debug */,
				F9DEF7D61BC7F5CC00520CAA /* Release */,
			);
			defaultConfigurationIsVisible = 0;
			defaultConfigurationName = Release;
		};
/* End XCConfigurationList section */
	};
	rootObject = F9DEF7A61BC7F5CC00520CAA /* Project object */;
}
