// !$*UTF8*$!
{
	archiveVersion = 1;
	classes = {
	};
	objectVersion = 46;
	objects = {

/* Begin PBXBuildFile section */
		F91C1BED1BD23767002FC017 /* FYForgrtPWDViewController.m in Sources */ = {isa = PBXBuildFile; fileRef = F91C1BEB1BD23767002FC017 /* FYForgrtPWDViewController.m */; };
		F91C1BEE1BD23767002FC017 /* FYForgrtPWDViewController.xib in Resources */ = {isa = PBXBuildFile; fileRef = F91C1BEC1BD23767002FC017 /* FYForgrtPWDViewController.xib */; };
		F93F982D1BCE6E3300FD46A8 /* FYPickerView.m in Sources */ = {isa = PBXBuildFile; fileRef = F93F982C1BCE6E3300FD46A8 /* FYPickerView.m */; };
		F93F98301BCE7C2800FD46A8 /* FYDatePickerView.m in Sources */ = {isa = PBXBuildFile; fileRef = F93F982F1BCE7C2800FD46A8 /* FYDatePickerView.m */; };
		F95113BF1BCD45D60058C7B2 /* FYParamSettingViewController.m in Sources */ = {isa = PBXBuildFile; fileRef = F95113BD1BCD45D60058C7B2 /* FYParamSettingViewController.m */; };
		F95113C01BCD45D60058C7B2 /* FYParamSettingViewController.xib in Resources */ = {isa = PBXBuildFile; fileRef = F95113BE1BCD45D60058C7B2 /* FYParamSettingViewController.xib */; };
		F95113C41BCD464A0058C7B2 /* FYParamSettingTableViewCell.m in Sources */ = {isa = PBXBuildFile; fileRef = F95113C21BCD464A0058C7B2 /* FYParamSettingTableViewCell.m */; };
		F95113C51BCD464A0058C7B2 /* FYParamSettingTableViewCell.xib in Resources */ = {isa = PBXBuildFile; fileRef = F95113C31BCD464A0058C7B2 /* FYParamSettingTableViewCell.xib */; };
		F9579BC21BD5162300EA071C /* MBProgressHUD.m in Sources */ = {isa = PBXBuildFile; fileRef = F9579BC11BD5162300EA071C /* MBProgressHUD.m */; };
		F95A636B1BC7F7BB002B949A /* FYBaseNavigationViewController.m in Sources */ = {isa = PBXBuildFile; fileRef = F95A636A1BC7F7BB002B949A /* FYBaseNavigationViewController.m */; };
		F95A636E1BC7F894002B949A /* FYBaseViewController.m in Sources */ = {isa = PBXBuildFile; fileRef = F95A636D1BC7F894002B949A /* FYBaseViewController.m */; };
		F96E2F911BCE27BA00B6AF4B /* UIColor+FYColor.m in Sources */ = {isa = PBXBuildFile; fileRef = F96E2F901BCE27BA00B6AF4B /* UIColor+FYColor.m */; };
		F96E2F941BCE284600B6AF4B /* UIImage+FYImage.m in Sources */ = {isa = PBXBuildFile; fileRef = F96E2F931BCE284600B6AF4B /* UIImage+FYImage.m */; };
		F96E2F981BCE385500B6AF4B /* FYSDSSViewController.m in Sources */ = {isa = PBXBuildFile; fileRef = F96E2F961BCE385500B6AF4B /* FYSDSSViewController.m */; };
		F96E2F991BCE385500B6AF4B /* FYSDSSViewController.xib in Resources */ = {isa = PBXBuildFile; fileRef = F96E2F971BCE385500B6AF4B /* FYSDSSViewController.xib */; };
		F96E2FE31BCE6A7600B6AF4B /* FYDSSSViewController.m in Sources */ = {isa = PBXBuildFile; fileRef = F96E2FE11BCE6A7600B6AF4B /* FYDSSSViewController.m */; };
		F96E2FE41BCE6A7600B6AF4B /* FYDSSSViewController.xib in Resources */ = {isa = PBXBuildFile; fileRef = F96E2FE21BCE6A7600B6AF4B /* FYDSSSViewController.xib */; };
		F973409D1BCFE8B2006D1740 /* FYHWJRViewController.m in Sources */ = {isa = PBXBuildFile; fileRef = F973409B1BCFE8B2006D1740 /* FYHWJRViewController.m */; };
		F973409E1BCFE8B2006D1740 /* FYHWJRViewController.xib in Resources */ = {isa = PBXBuildFile; fileRef = F973409C1BCFE8B2006D1740 /* FYHWJRViewController.xib */; };
		F97340A21BCFECEF006D1740 /* FYGDXHViewController.m in Sources */ = {isa = PBXBuildFile; fileRef = F97340A01BCFECEF006D1740 /* FYGDXHViewController.m */; };
		F97340A31BCFECEF006D1740 /* FYGDXHViewController.xib in Resources */ = {isa = PBXBuildFile; fileRef = F97340A11BCFECEF006D1740 /* FYGDXHViewController.xib */; };
		F97340A71BCFED4E006D1740 /* FYFDBHViewController.m in Sources */ = {isa = PBXBuildFile; fileRef = F97340A51BCFED4E006D1740 /* FYFDBHViewController.m */; };
		F97340A81BCFED4E006D1740 /* FYFDBHViewController.xib in Resources */ = {isa = PBXBuildFile; fileRef = F97340A61BCFED4E006D1740 /* FYFDBHViewController.xib */; };
		F97340AC1BCFED60006D1740 /* FYYSBJViewController.m in Sources */ = {isa = PBXBuildFile; fileRef = F97340AA1BCFED60006D1740 /* FYYSBJViewController.m */; };
		F97340AD1BCFED60006D1740 /* FYYSBJViewController.xib in Resources */ = {isa = PBXBuildFile; fileRef = F97340AB1BCFED60006D1740 /* FYYSBJViewController.xib */; };
		F97340B11BCFED73006D1740 /* FYHSWViewController.m in Sources */ = {isa = PBXBuildFile; fileRef = F97340AF1BCFED73006D1740 /* FYHSWViewController.m */; };
		F97340B21BCFED73006D1740 /* FYHSWViewController.xib in Resources */ = {isa = PBXBuildFile; fileRef = F97340B01BCFED73006D1740 /* FYHSWViewController.xib */; };
		F97340B61BCFED8F006D1740 /* FYWCXHViewController.m in Sources */ = {isa = PBXBuildFile; fileRef = F97340B41BCFED8F006D1740 /* FYWCXHViewController.m */; };
		F97340B71BCFED8F006D1740 /* FYWCXHViewController.xib in Resources */ = {isa = PBXBuildFile; fileRef = F97340B51BCFED8F006D1740 /* FYWCXHViewController.xib */; };
		F97340BB1BCFEE65006D1740 /* FYWKJSViewController.m in Sources */ = {isa = PBXBuildFile; fileRef = F97340B91BCFEE65006D1740 /* FYWKJSViewController.m */; };
		F97340BC1BCFEE65006D1740 /* FYWKJSViewController.xib in Resources */ = {isa = PBXBuildFile; fileRef = F97340BA1BCFEE65006D1740 /* FYWKJSViewController.xib */; };
		F981582C1BEDC78C0038F18A /* FYConfigViewController.m in Sources */ = {isa = PBXBuildFile; fileRef = F981582A1BEDC78C0038F18A /* FYConfigViewController.m */; };
		F981582D1BEDC78C0038F18A /* FYConfigViewController.xib in Resources */ = {isa = PBXBuildFile; fileRef = F981582B1BEDC78C0038F18A /* FYConfigViewController.xib */; };
		F98351591BCA0B0B00809E14 /* FYLoginViewController.m in Sources */ = {isa = PBXBuildFile; fileRef = F98351571BCA0B0B00809E14 /* FYLoginViewController.m */; };
		F983515A1BCA0B0B00809E14 /* FYLoginViewController.xib in Resources */ = {isa = PBXBuildFile; fileRef = F98351581BCA0B0B00809E14 /* FYLoginViewController.xib */; };
		F983515E1BCA0B5C00809E14 /* FYRegisterViewController.m in Sources */ = {isa = PBXBuildFile; fileRef = F983515C1BCA0B5C00809E14 /* FYRegisterViewController.m */; };
		F983515F1BCA0B5C00809E14 /* FYRegisterViewController.xib in Resources */ = {isa = PBXBuildFile; fileRef = F983515D1BCA0B5C00809E14 /* FYRegisterViewController.xib */; };
		F98351641BCA26E400809E14 /* FYListViewController.m in Sources */ = {isa = PBXBuildFile; fileRef = F98351621BCA26E400809E14 /* FYListViewController.m */; };
		F98351651BCA26E400809E14 /* FYListViewController.xib in Resources */ = {isa = PBXBuildFile; fileRef = F98351631BCA26E400809E14 /* FYListViewController.xib */; };
		F98351691BCA270A00809E14 /* FYListTableViewCell.m in Sources */ = {isa = PBXBuildFile; fileRef = F98351671BCA270A00809E14 /* FYListTableViewCell.m */; };
		F983516A1BCA270A00809E14 /* FYListTableViewCell.xib in Resources */ = {isa = PBXBuildFile; fileRef = F98351681BCA270A00809E14 /* FYListTableViewCell.xib */; };
		F983516E1BCA307100809E14 /* FYDeviceInitViewController.m in Sources */ = {isa = PBXBuildFile; fileRef = F983516C1BCA307100809E14 /* FYDeviceInitViewController.m */; };
		F983516F1BCA307100809E14 /* FYDeviceInitViewController.xib in Resources */ = {isa = PBXBuildFile; fileRef = F983516D1BCA307100809E14 /* FYDeviceInitViewController.xib */; };
		F98351731BCA333000809E14 /* FYAddDeviceViewController.m in Sources */ = {isa = PBXBuildFile; fileRef = F98351711BCA333000809E14 /* FYAddDeviceViewController.m */; };
		F98351741BCA333000809E14 /* FYAddDeviceViewController.xib in Resources */ = {isa = PBXBuildFile; fileRef = F98351721BCA333000809E14 /* FYAddDeviceViewController.xib */; };
		F98351781BCA370400809E14 /* FYJoinNetViewController.m in Sources */ = {isa = PBXBuildFile; fileRef = F98351761BCA370400809E14 /* FYJoinNetViewController.m */; };
		F98351791BCA370400809E14 /* FYJoinNetViewController.xib in Resources */ = {isa = PBXBuildFile; fileRef = F98351771BCA370400809E14 /* FYJoinNetViewController.xib */; };
		F983517E1BCA3FAE00809E14 /* FYEnterPINViewController.m in Sources */ = {isa = PBXBuildFile; fileRef = F983517C1BCA3FAE00809E14 /* FYEnterPINViewController.m */; };
		F983517F1BCA3FAE00809E14 /* FYEnterPINViewController.xib in Resources */ = {isa = PBXBuildFile; fileRef = F983517D1BCA3FAE00809E14 /* FYEnterPINViewController.xib */; };
		F9859DA31BF211AC0049B5CA /* ESP_ByteUtil.m in Sources */ = {isa = PBXBuildFile; fileRef = F9859D891BF211AC0049B5CA /* ESP_ByteUtil.m */; };
		F9859DA41BF211AC0049B5CA /* ESP_CRC8.m in Sources */ = {isa = PBXBuildFile; fileRef = F9859D8B1BF211AC0049B5CA /* ESP_CRC8.m */; };
		F9859DA51BF211AC0049B5CA /* ESP_NetUtil.m in Sources */ = {isa = PBXBuildFile; fileRef = F9859D8D1BF211AC0049B5CA /* ESP_NetUtil.m */; };
		F9859DA61BF211AC0049B5CA /* ESPDataCode.m in Sources */ = {isa = PBXBuildFile; fileRef = F9859D8F1BF211AC0049B5CA /* ESPDataCode.m */; };
		F9859DA71BF211AC0049B5CA /* ESPDatumCode.m in Sources */ = {isa = PBXBuildFile; fileRef = F9859D911BF211AC0049B5CA /* ESPDatumCode.m */; };
		F9859DA81BF211AC0049B5CA /* ESPGuideCode.m in Sources */ = {isa = PBXBuildFile; fileRef = F9859D931BF211AC0049B5CA /* ESPGuideCode.m */; };
		F9859DA91BF211AC0049B5CA /* ESPTouchGenerator.m in Sources */ = {isa = PBXBuildFile; fileRef = F9859D961BF211AC0049B5CA /* ESPTouchGenerator.m */; };
		F9859DAA1BF211AC0049B5CA /* ESPTouchResult.m in Sources */ = {isa = PBXBuildFile; fileRef = F9859D981BF211AC0049B5CA /* ESPTouchResult.m */; };
		F9859DAB1BF211AC0049B5CA /* ESPTouchTask.m in Sources */ = {isa = PBXBuildFile; fileRef = F9859D9A1BF211AC0049B5CA /* ESPTouchTask.m */; };
		F9859DAC1BF211AC0049B5CA /* ESPTouchTaskParameter.m in Sources */ = {isa = PBXBuildFile; fileRef = F9859D9C1BF211AC0049B5CA /* ESPTouchTaskParameter.m */; };
		F9859DAD1BF211AC0049B5CA /* ESPUDPSocketClient.m in Sources */ = {isa = PBXBuildFile; fileRef = F9859D9E1BF211AC0049B5CA /* ESPUDPSocketClient.m */; };
		F9859DAE1BF211AC0049B5CA /* ESPUDPSocketServer.m in Sources */ = {isa = PBXBuildFile; fileRef = F9859DA01BF211AC0049B5CA /* ESPUDPSocketServer.m */; };
		F9859DAF1BF211AC0049B5CA /* IPAddress.c in Sources */ = {isa = PBXBuildFile; fileRef = F9859DA11BF211AC0049B5CA /* IPAddress.c */; };
		F9859DB11BF218850049B5CA /* libstdc++.6.0.9.tbd in Frameworks */ = {isa = PBXBuildFile; fileRef = F9859DB01BF218850049B5CA /* libstdc++.6.0.9.tbd */; };
		F98B9FF41BCF928200B5FEAF /* FYSDJRViewController.m in Sources */ = {isa = PBXBuildFile; fileRef = F98B9FF21BCF928200B5FEAF /* FYSDJRViewController.m */; };
		F98B9FF51BCF928200B5FEAF /* FYSDJRViewController.xib in Resources */ = {isa = PBXBuildFile; fileRef = F98B9FF31BCF928200B5FEAF /* FYSDJRViewController.xib */; };
		F98B9FF91BCF9D0300B5FEAF /* FYDSJRViewController.m in Sources */ = {isa = PBXBuildFile; fileRef = F98B9FF71BCF9D0300B5FEAF /* FYDSJRViewController.m */; };
		F98B9FFA1BCF9D0300B5FEAF /* FYDSJRViewController.xib in Resources */ = {isa = PBXBuildFile; fileRef = F98B9FF81BCF9D0300B5FEAF /* FYDSJRViewController.xib */; };
		F99463AD1BD6822E008B9F54 /* FYAboutViewController.m in Sources */ = {isa = PBXBuildFile; fileRef = F99463AB1BD6822E008B9F54 /* FYAboutViewController.m */; };
		F99463AE1BD6822E008B9F54 /* FYAboutViewController.xib in Resources */ = {isa = PBXBuildFile; fileRef = F99463AC1BD6822E008B9F54 /* FYAboutViewController.xib */; };
		F9A1E05C1BCCF6AE00A92B90 /* SystemConfiguration.framework in Frameworks */ = {isa = PBXBuildFile; fileRef = F9A1E05B1BCCF6AE00A92B90 /* SystemConfiguration.framework */; };
		F9B0636E1BD7A41A00471DF4 /* FYUDPNetWork.m in Sources */ = {isa = PBXBuildFile; fileRef = F9B0636D1BD7A41A00471DF4 /* FYUDPNetWork.m */; };
		F9B441C41BD4F2DA005148D1 /* GCDAsyncSocket.m in Sources */ = {isa = PBXBuildFile; fileRef = F9B441BB1BD4F2DA005148D1 /* GCDAsyncSocket.m */; };
		F9B441C51BD4F2DA005148D1 /* GCDAsyncUdpSocket.m in Sources */ = {isa = PBXBuildFile; fileRef = F9B441BD1BD4F2DA005148D1 /* GCDAsyncUdpSocket.m */; };
		F9B441C61BD4F2DA005148D1 /* AsyncSocket.m in Sources */ = {isa = PBXBuildFile; fileRef = F9B441C01BD4F2DA005148D1 /* AsyncSocket.m */; };
		F9B441C71BD4F2DA005148D1 /* AsyncUdpSocket.m in Sources */ = {isa = PBXBuildFile; fileRef = F9B441C21BD4F2DA005148D1 /* AsyncUdpSocket.m */; };
		F9B441C81BD4F2DA005148D1 /* Documentation.html in Resources */ = {isa = PBXBuildFile; fileRef = F9B441C31BD4F2DA005148D1 /* Documentation.html */; };
		F9B441CC1BD4F339005148D1 /* FYTCPNetWork.m in Sources */ = {isa = PBXBuildFile; fileRef = F9B441CB1BD4F339005148D1 /* FYTCPNetWork.m */; };
		F9C323121C0ACD67004D45E7 /* libPushSDK-1.8.8.a in Frameworks */ = {isa = PBXBuildFile; fileRef = F9C323111C0ACD67004D45E7 /* libPushSDK-1.8.8.a */; };
		F9C323141C0ACF6C004D45E7 /* libz.tbd in Frameworks */ = {isa = PBXBuildFile; fileRef = F9C323131C0ACF6C004D45E7 /* libz.tbd */; };
		F9C323161C0ACF71004D45E7 /* Security.framework in Frameworks */ = {isa = PBXBuildFile; fileRef = F9C323151C0ACF71004D45E7 /* Security.framework */; };
		F9C323181C0ACF88004D45E7 /* CoreTelephony.framework in Frameworks */ = {isa = PBXBuildFile; fileRef = F9C323171C0ACF88004D45E7 /* CoreTelephony.framework */; };
		F9C3231A1C0ACF8D004D45E7 /* CoreFoundation.framework in Frameworks */ = {isa = PBXBuildFile; fileRef = F9C323191C0ACF8D004D45E7 /* CoreFoundation.framework */; };
		F9C3231C1C0ACF95004D45E7 /* CFNetwork.framework in Frameworks */ = {isa = PBXBuildFile; fileRef = F9C3231B1C0ACF95004D45E7 /* CFNetwork.framework */; };
		F9C3231E1C0AD2D7004D45E7 /* PushConfig.plist in Resources */ = {isa = PBXBuildFile; fileRef = F9C3231D1C0AD2D7004D45E7 /* PushConfig.plist */; };
		F9CEB4891BDBC5F700C0AEA1 /* FYTCPSpecialNetWork.m in Sources */ = {isa = PBXBuildFile; fileRef = F9CEB4881BDBC5F700C0AEA1 /* FYTCPSpecialNetWork.m */; };
		F9DE29101BD5E2BF0009F667 /* FYProgressHUD.m in Sources */ = {isa = PBXBuildFile; fileRef = F9DE290F1BD5E2BF0009F667 /* FYProgressHUD.m */; };
		F9DE29131BD61AE60009F667 /* FYDevice.m in Sources */ = {isa = PBXBuildFile; fileRef = F9DE29121BD61AE60009F667 /* FYDevice.m */; };
		F9DEF7B41BC7F5CC00520CAA /* main.m in Sources */ = {isa = PBXBuildFile; fileRef = F9DEF7B31BC7F5CC00520CAA /* main.m */; };
		F9DEF7B71BC7F5CC00520CAA /* AppDelegate.m in Sources */ = {isa = PBXBuildFile; fileRef = F9DEF7B61BC7F5CC00520CAA /* AppDelegate.m */; };
		F9DEF7BA1BC7F5CC00520CAA /* ViewController.m in Sources */ = {isa = PBXBuildFile; fileRef = F9DEF7B91BC7F5CC00520CAA /* ViewController.m */; };
		F9DEF7BD1BC7F5CC00520CAA /* Main.storyboard in Resources */ = {isa = PBXBuildFile; fileRef = F9DEF7BB1BC7F5CC00520CAA /* Main.storyboard */; };
		F9DEF7BF1BC7F5CC00520CAA /* Images.xcassets in Resources */ = {isa = PBXBuildFile; fileRef = F9DEF7BE1BC7F5CC00520CAA /* Images.xcassets */; };
		F9DEF7C21BC7F5CC00520CAA /* LaunchScreen.xib in Resources */ = {isa = PBXBuildFile; fileRef = F9DEF7C01BC7F5CC00520CAA /* LaunchScreen.xib */; };
		F9DEF7CE1BC7F5CC00520CAA /* FYIntelligenceTests.m in Sources */ = {isa = PBXBuildFile; fileRef = F9DEF7CD1BC7F5CC00520CAA /* FYIntelligenceTests.m */; };
		F9F90D061BCBA5DC0036F9B7 /* FYDeviceManagerViewController.m in Sources */ = {isa = PBXBuildFile; fileRef = F9F90D041BCBA5DC0036F9B7 /* FYDeviceManagerViewController.m */; };
		F9F90D071BCBA5DC0036F9B7 /* FYDeviceManagerViewController.xib in Resources */ = {isa = PBXBuildFile; fileRef = F9F90D051BCBA5DC0036F9B7 /* FYDeviceManagerViewController.xib */; };
		F9FFE01C1C3CF41000EB8779 /* FYHeatCycleViewController.m in Sources */ = {isa = PBXBuildFile; fileRef = F9FFE01A1C3CF41000EB8779 /* FYHeatCycleViewController.m */; };
		F9FFE01D1C3CF41000EB8779 /* FYHeatCycleViewController.xib in Resources */ = {isa = PBXBuildFile; fileRef = F9FFE01B1C3CF41000EB8779 /* FYHeatCycleViewController.xib */; };
/* End PBXBuildFile section */

/* Begin PBXContainerItemProxy section */
		F9DEF7C81BC7F5CC00520CAA /* PBXContainerItemProxy */ = {
			isa = PBXContainerItemProxy;
			containerPortal = F9DEF7A61BC7F5CC00520CAA /* Project object */;
			proxyType = 1;
			remoteGlobalIDString = F9DEF7AD1BC7F5CC00520CAA;
			remoteInfo = FYIntelligence;
		};
/* End PBXContainerItemProxy section */

/* Begin PBXFileReference section */
		F91C1BEA1BD23767002FC017 /* FYForgrtPWDViewController.h */ = {isa = PBXFileReference; fileEncoding = 4; lastKnownFileType = sourcecode.c.h; path = FYForgrtPWDViewController.h; sourceTree = "<group>"; };
		F91C1BEB1BD23767002FC017 /* FYForgrtPWDViewController.m */ = {isa = PBXFileReference; fileEncoding = 4; lastKnownFileType = sourcecode.c.objc; path = FYForgrtPWDViewController.m; sourceTree = "<group>"; };
		F91C1BEC1BD23767002FC017 /* FYForgrtPWDViewController.xib */ = {isa = PBXFileReference; fileEncoding = 4; lastKnownFileType = file.xib; path = FYForgrtPWDViewController.xib; sourceTree = "<group>"; };
		F93F982B1BCE6E3300FD46A8 /* FYPickerView.h */ = {isa = PBXFileReference; fileEncoding = 4; lastKnownFileType = sourcecode.c.h; path = FYPickerView.h; sourceTree = "<group>"; };
		F93F982C1BCE6E3300FD46A8 /* FYPickerView.m */ = {isa = PBXFileReference; fileEncoding = 4; lastKnownFileType = sourcecode.c.objc; path = FYPickerView.m; sourceTree = "<group>"; };
		F93F982E1BCE7C2800FD46A8 /* FYDatePickerView.h */ = {isa = PBXFileReference; fileEncoding = 4; lastKnownFileType = sourcecode.c.h; path = FYDatePickerView.h; sourceTree = "<group>"; };
		F93F982F1BCE7C2800FD46A8 /* FYDatePickerView.m */ = {isa = PBXFileReference; fileEncoding = 4; lastKnownFileType = sourcecode.c.objc; path = FYDatePickerView.m; sourceTree = "<group>"; };
		F95113BC1BCD45D60058C7B2 /* FYParamSettingViewController.h */ = {isa = PBXFileReference; fileEncoding = 4; lastKnownFileType = sourcecode.c.h; path = FYParamSettingViewController.h; sourceTree = "<group>"; };
		F95113BD1BCD45D60058C7B2 /* FYParamSettingViewController.m */ = {isa = PBXFileReference; fileEncoding = 4; lastKnownFileType = sourcecode.c.objc; path = FYParamSettingViewController.m; sourceTree = "<group>"; };
		F95113BE1BCD45D60058C7B2 /* FYParamSettingViewController.xib */ = {isa = PBXFileReference; fileEncoding = 4; lastKnownFileType = file.xib; path = FYParamSettingViewController.xib; sourceTree = "<group>"; };
		F95113C11BCD464A0058C7B2 /* FYParamSettingTableViewCell.h */ = {isa = PBXFileReference; fileEncoding = 4; lastKnownFileType = sourcecode.c.h; path = FYParamSettingTableViewCell.h; sourceTree = "<group>"; };
		F95113C21BCD464A0058C7B2 /* FYParamSettingTableViewCell.m */ = {isa = PBXFileReference; fileEncoding = 4; lastKnownFileType = sourcecode.c.objc; path = FYParamSettingTableViewCell.m; sourceTree = "<group>"; };
		F95113C31BCD464A0058C7B2 /* FYParamSettingTableViewCell.xib */ = {isa = PBXFileReference; fileEncoding = 4; lastKnownFileType = file.xib; path = FYParamSettingTableViewCell.xib; sourceTree = "<group>"; };
		F9579BC01BD5162300EA071C /* MBProgressHUD.h */ = {isa = PBXFileReference; fileEncoding = 4; lastKnownFileType = sourcecode.c.h; path = MBProgressHUD.h; sourceTree = "<group>"; };
		F9579BC11BD5162300EA071C /* MBProgressHUD.m */ = {isa = PBXFileReference; fileEncoding = 4; lastKnownFileType = sourcecode.c.objc; path = MBProgressHUD.m; sourceTree = "<group>"; };
		F95A63691BC7F7BB002B949A /* FYBaseNavigationViewController.h */ = {isa = PBXFileReference; fileEncoding = 4; lastKnownFileType = sourcecode.c.h; path = FYBaseNavigationViewController.h; sourceTree = "<group>"; };
		F95A636A1BC7F7BB002B949A /* FYBaseNavigationViewController.m */ = {isa = PBXFileReference; fileEncoding = 4; lastKnownFileType = sourcecode.c.objc; path = FYBaseNavigationViewController.m; sourceTree = "<group>"; };
		F95A636C1BC7F894002B949A /* FYBaseViewController.h */ = {isa = PBXFileReference; fileEncoding = 4; lastKnownFileType = sourcecode.c.h; path = FYBaseViewController.h; sourceTree = "<group>"; };
		F95A636D1BC7F894002B949A /* FYBaseViewController.m */ = {isa = PBXFileReference; fileEncoding = 4; lastKnownFileType = sourcecode.c.objc; path = FYBaseViewController.m; sourceTree = "<group>"; };
		F95A63741BC7F918002B949A /* FYPrefixHeader.pch */ = {isa = PBXFileReference; fileEncoding = 4; lastKnownFileType = sourcecode.c.h; path = FYPrefixHeader.pch; sourceTree = "<group>"; };
		F95A63761BC7FF5B002B949A /* const.h */ = {isa = PBXFileReference; fileEncoding = 4; lastKnownFileType = sourcecode.c.h; path = const.h; sourceTree = "<group>"; };
		F96E2F8F1BCE27BA00B6AF4B /* UIColor+FYColor.h */ = {isa = PBXFileReference; fileEncoding = 4; lastKnownFileType = sourcecode.c.h; path = "UIColor+FYColor.h"; sourceTree = "<group>"; };
		F96E2F901BCE27BA00B6AF4B /* UIColor+FYColor.m */ = {isa = PBXFileReference; fileEncoding = 4; lastKnownFileType = sourcecode.c.objc; path = "UIColor+FYColor.m"; sourceTree = "<group>"; };
		F96E2F921BCE284600B6AF4B /* UIImage+FYImage.h */ = {isa = PBXFileReference; fileEncoding = 4; lastKnownFileType = sourcecode.c.h; path = "UIImage+FYImage.h"; sourceTree = "<group>"; };
		F96E2F931BCE284600B6AF4B /* UIImage+FYImage.m */ = {isa = PBXFileReference; fileEncoding = 4; lastKnownFileType = sourcecode.c.objc; path = "UIImage+FYImage.m"; sourceTree = "<group>"; };
		F96E2F951BCE385500B6AF4B /* FYSDSSViewController.h */ = {isa = PBXFileReference; fileEncoding = 4; lastKnownFileType = sourcecode.c.h; path = FYSDSSViewController.h; sourceTree = "<group>"; };
		F96E2F961BCE385500B6AF4B /* FYSDSSViewController.m */ = {isa = PBXFileReference; fileEncoding = 4; lastKnownFileType = sourcecode.c.objc; path = FYSDSSViewController.m; sourceTree = "<group>"; };
		F96E2F971BCE385500B6AF4B /* FYSDSSViewController.xib */ = {isa = PBXFileReference; fileEncoding = 4; lastKnownFileType = file.xib; path = FYSDSSViewController.xib; sourceTree = "<group>"; };
		F96E2FE01BCE6A7600B6AF4B /* FYDSSSViewController.h */ = {isa = PBXFileReference; fileEncoding = 4; lastKnownFileType = sourcecode.c.h; path = FYDSSSViewController.h; sourceTree = "<group>"; };
		F96E2FE11BCE6A7600B6AF4B /* FYDSSSViewController.m */ = {isa = PBXFileReference; fileEncoding = 4; lastKnownFileType = sourcecode.c.objc; path = FYDSSSViewController.m; sourceTree = "<group>"; };
		F96E2FE21BCE6A7600B6AF4B /* FYDSSSViewController.xib */ = {isa = PBXFileReference; fileEncoding = 4; lastKnownFileType = file.xib; path = FYDSSSViewController.xib; sourceTree = "<group>"; };
		F973409A1BCFE8B2006D1740 /* FYHWJRViewController.h */ = {isa = PBXFileReference; fileEncoding = 4; lastKnownFileType = sourcecode.c.h; path = FYHWJRViewController.h; sourceTree = "<group>"; };
		F973409B1BCFE8B2006D1740 /* FYHWJRViewController.m */ = {isa = PBXFileReference; fileEncoding = 4; lastKnownFileType = sourcecode.c.objc; path = FYHWJRViewController.m; sourceTree = "<group>"; };
		F973409C1BCFE8B2006D1740 /* FYHWJRViewController.xib */ = {isa = PBXFileReference; fileEncoding = 4; lastKnownFileType = file.xib; path = FYHWJRViewController.xib; sourceTree = "<group>"; };
		F973409F1BCFECEF006D1740 /* FYGDXHViewController.h */ = {isa = PBXFileReference; fileEncoding = 4; lastKnownFileType = sourcecode.c.h; path = FYGDXHViewController.h; sourceTree = "<group>"; };
		F97340A01BCFECEF006D1740 /* FYGDXHViewController.m */ = {isa = PBXFileReference; fileEncoding = 4; lastKnownFileType = sourcecode.c.objc; path = FYGDXHViewController.m; sourceTree = "<group>"; };
		F97340A11BCFECEF006D1740 /* FYGDXHViewController.xib */ = {isa = PBXFileReference; fileEncoding = 4; lastKnownFileType = file.xib; path = FYGDXHViewController.xib; sourceTree = "<group>"; };
		F97340A41BCFED4E006D1740 /* FYFDBHViewController.h */ = {isa = PBXFileReference; fileEncoding = 4; lastKnownFileType = sourcecode.c.h; path = FYFDBHViewController.h; sourceTree = "<group>"; };
		F97340A51BCFED4E006D1740 /* FYFDBHViewController.m */ = {isa = PBXFileReference; fileEncoding = 4; lastKnownFileType = sourcecode.c.objc; path = FYFDBHViewController.m; sourceTree = "<group>"; };
		F97340A61BCFED4E006D1740 /* FYFDBHViewController.xib */ = {isa = PBXFileReference; fileEncoding = 4; lastKnownFileType = file.xib; path = FYFDBHViewController.xib; sourceTree = "<group>"; };
		F97340A91BCFED60006D1740 /* FYYSBJViewController.h */ = {isa = PBXFileReference; fileEncoding = 4; lastKnownFileType = sourcecode.c.h; path = FYYSBJViewController.h; sourceTree = "<group>"; };
		F97340AA1BCFED60006D1740 /* FYYSBJViewController.m */ = {isa = PBXFileReference; fileEncoding = 4; lastKnownFileType = sourcecode.c.objc; path = FYYSBJViewController.m; sourceTree = "<group>"; };
		F97340AB1BCFED60006D1740 /* FYYSBJViewController.xib */ = {isa = PBXFileReference; fileEncoding = 4; lastKnownFileType = file.xib; path = FYYSBJViewController.xib; sourceTree = "<group>"; };
		F97340AE1BCFED73006D1740 /* FYHSWViewController.h */ = {isa = PBXFileReference; fileEncoding = 4; lastKnownFileType = sourcecode.c.h; path = FYHSWViewController.h; sourceTree = "<group>"; };
		F97340AF1BCFED73006D1740 /* FYHSWViewController.m */ = {isa = PBXFileReference; fileEncoding = 4; lastKnownFileType = sourcecode.c.objc; path = FYHSWViewController.m; sourceTree = "<group>"; };
		F97340B01BCFED73006D1740 /* FYHSWViewController.xib */ = {isa = PBXFileReference; fileEncoding = 4; lastKnownFileType = file.xib; path = FYHSWViewController.xib; sourceTree = "<group>"; };
		F97340B31BCFED8F006D1740 /* FYWCXHViewController.h */ = {isa = PBXFileReference; fileEncoding = 4; lastKnownFileType = sourcecode.c.h; path = FYWCXHViewController.h; sourceTree = "<group>"; };
		F97340B41BCFED8F006D1740 /* FYWCXHViewController.m */ = {isa = PBXFileReference; fileEncoding = 4; lastKnownFileType = sourcecode.c.objc; path = FYWCXHViewController.m; sourceTree = "<group>"; };
		F97340B51BCFED8F006D1740 /* FYWCXHViewController.xib */ = {isa = PBXFileReference; fileEncoding = 4; lastKnownFileType = file.xib; path = FYWCXHViewController.xib; sourceTree = "<group>"; };
		F97340B81BCFEE65006D1740 /* FYWKJSViewController.h */ = {isa = PBXFileReference; fileEncoding = 4; lastKnownFileType = sourcecode.c.h; path = FYWKJSViewController.h; sourceTree = "<group>"; };
		F97340B91BCFEE65006D1740 /* FYWKJSViewController.m */ = {isa = PBXFileReference; fileEncoding = 4; lastKnownFileType = sourcecode.c.objc; path = FYWKJSViewController.m; sourceTree = "<group>"; };
		F97340BA1BCFEE65006D1740 /* FYWKJSViewController.xib */ = {isa = PBXFileReference; fileEncoding = 4; lastKnownFileType = file.xib; path = FYWKJSViewController.xib; sourceTree = "<group>"; };
		F98158291BEDC78C0038F18A /* FYConfigViewController.h */ = {isa = PBXFileReference; fileEncoding = 4; lastKnownFileType = sourcecode.c.h; path = FYConfigViewController.h; sourceTree = "<group>"; };
		F981582A1BEDC78C0038F18A /* FYConfigViewController.m */ = {isa = PBXFileReference; fileEncoding = 4; lastKnownFileType = sourcecode.c.objc; path = FYConfigViewController.m; sourceTree = "<group>"; };
		F981582B1BEDC78C0038F18A /* FYConfigViewController.xib */ = {isa = PBXFileReference; fileEncoding = 4; lastKnownFileType = file.xib; path = FYConfigViewController.xib; sourceTree = "<group>"; };
		F98351561BCA0B0B00809E14 /* FYLoginViewController.h */ = {isa = PBXFileReference; fileEncoding = 4; lastKnownFileType = sourcecode.c.h; path = FYLoginViewController.h; sourceTree = "<group>"; };
		F98351571BCA0B0B00809E14 /* FYLoginViewController.m */ = {isa = PBXFileReference; fileEncoding = 4; lastKnownFileType = sourcecode.c.objc; path = FYLoginViewController.m; sourceTree = "<group>"; };
		F98351581BCA0B0B00809E14 /* FYLoginViewController.xib */ = {isa = PBXFileReference; fileEncoding = 4; lastKnownFileType = file.xib; path = FYLoginViewController.xib; sourceTree = "<group>"; };
		F983515B1BCA0B5C00809E14 /* FYRegisterViewController.h */ = {isa = PBXFileReference; fileEncoding = 4; lastKnownFileType = sourcecode.c.h; path = FYRegisterViewController.h; sourceTree = "<group>"; };
		F983515C1BCA0B5C00809E14 /* FYRegisterViewController.m */ = {isa = PBXFileReference; fileEncoding = 4; lastKnownFileType = sourcecode.c.objc; path = FYRegisterViewController.m; sourceTree = "<group>"; };
		F983515D1BCA0B5C00809E14 /* FYRegisterViewController.xib */ = {isa = PBXFileReference; fileEncoding = 4; lastKnownFileType = file.xib; path = FYRegisterViewController.xib; sourceTree = "<group>"; };
		F98351611BCA26E400809E14 /* FYListViewController.h */ = {isa = PBXFileReference; fileEncoding = 4; lastKnownFileType = sourcecode.c.h; path = FYListViewController.h; sourceTree = "<group>"; };
		F98351621BCA26E400809E14 /* FYListViewController.m */ = {isa = PBXFileReference; fileEncoding = 4; lastKnownFileType = sourcecode.c.objc; path = FYListViewController.m; sourceTree = "<group>"; };
		F98351631BCA26E400809E14 /* FYListViewController.xib */ = {isa = PBXFileReference; fileEncoding = 4; lastKnownFileType = file.xib; path = FYListViewController.xib; sourceTree = "<group>"; };
		F98351661BCA270A00809E14 /* FYListTableViewCell.h */ = {isa = PBXFileReference; fileEncoding = 4; lastKnownFileType = sourcecode.c.h; path = FYListTableViewCell.h; sourceTree = "<group>"; };
		F98351671BCA270A00809E14 /* FYListTableViewCell.m */ = {isa = PBXFileReference; fileEncoding = 4; lastKnownFileType = sourcecode.c.objc; path = FYListTableViewCell.m; sourceTree = "<group>"; };
		F98351681BCA270A00809E14 /* FYListTableViewCell.xib */ = {isa = PBXFileReference; fileEncoding = 4; lastKnownFileType = file.xib; path = FYListTableViewCell.xib; sourceTree = "<group>"; };
		F983516B1BCA307100809E14 /* FYDeviceInitViewController.h */ = {isa = PBXFileReference; fileEncoding = 4; lastKnownFileType = sourcecode.c.h; path = FYDeviceInitViewController.h; sourceTree = "<group>"; };
		F983516C1BCA307100809E14 /* FYDeviceInitViewController.m */ = {isa = PBXFileReference; fileEncoding = 4; lastKnownFileType = sourcecode.c.objc; path = FYDeviceInitViewController.m; sourceTree = "<group>"; };
		F983516D1BCA307100809E14 /* FYDeviceInitViewController.xib */ = {isa = PBXFileReference; fileEncoding = 4; lastKnownFileType = file.xib; path = FYDeviceInitViewController.xib; sourceTree = "<group>"; };
		F98351701BCA333000809E14 /* FYAddDeviceViewController.h */ = {isa = PBXFileReference; fileEncoding = 4; lastKnownFileType = sourcecode.c.h; path = FYAddDeviceViewController.h; sourceTree = "<group>"; };
		F98351711BCA333000809E14 /* FYAddDeviceViewController.m */ = {isa = PBXFileReference; fileEncoding = 4; lastKnownFileType = sourcecode.c.objc; path = FYAddDeviceViewController.m; sourceTree = "<group>"; };
		F98351721BCA333000809E14 /* FYAddDeviceViewController.xib */ = {isa = PBXFileReference; fileEncoding = 4; lastKnownFileType = file.xib; path = FYAddDeviceViewController.xib; sourceTree = "<group>"; };
		F98351751BCA370400809E14 /* FYJoinNetViewController.h */ = {isa = PBXFileReference; fileEncoding = 4; lastKnownFileType = sourcecode.c.h; path = FYJoinNetViewController.h; sourceTree = "<group>"; };
		F98351761BCA370400809E14 /* FYJoinNetViewController.m */ = {isa = PBXFileReference; fileEncoding = 4; lastKnownFileType = sourcecode.c.objc; path = FYJoinNetViewController.m; sourceTree = "<group>"; };
		F98351771BCA370400809E14 /* FYJoinNetViewController.xib */ = {isa = PBXFileReference; fileEncoding = 4; lastKnownFileType = file.xib; path = FYJoinNetViewController.xib; sourceTree = "<group>"; };
		F983517B1BCA3FAE00809E14 /* FYEnterPINViewController.h */ = {isa = PBXFileReference; fileEncoding = 4; lastKnownFileType = sourcecode.c.h; path = FYEnterPINViewController.h; sourceTree = "<group>"; };
		F983517C1BCA3FAE00809E14 /* FYEnterPINViewController.m */ = {isa = PBXFileReference; fileEncoding = 4; lastKnownFileType = sourcecode.c.objc; path = FYEnterPINViewController.m; sourceTree = "<group>"; };
		F983517D1BCA3FAE00809E14 /* FYEnterPINViewController.xib */ = {isa = PBXFileReference; fileEncoding = 4; lastKnownFileType = file.xib; path = FYEnterPINViewController.xib; sourceTree = "<group>"; };
		F9859D881BF211AC0049B5CA /* ESP_ByteUtil.h */ = {isa = PBXFileReference; fileEncoding = 4; lastKnownFileType = sourcecode.c.h; path = ESP_ByteUtil.h; sourceTree = "<group>"; };
		F9859D891BF211AC0049B5CA /* ESP_ByteUtil.m */ = {isa = PBXFileReference; fileEncoding = 4; lastKnownFileType = sourcecode.c.objc; path = ESP_ByteUtil.m; sourceTree = "<group>"; };
		F9859D8A1BF211AC0049B5CA /* ESP_CRC8.h */ = {isa = PBXFileReference; fileEncoding = 4; lastKnownFileType = sourcecode.c.h; path = ESP_CRC8.h; sourceTree = "<group>"; };
		F9859D8B1BF211AC0049B5CA /* ESP_CRC8.m */ = {isa = PBXFileReference; fileEncoding = 4; lastKnownFileType = sourcecode.c.objc; path = ESP_CRC8.m; sourceTree = "<group>"; };
		F9859D8C1BF211AC0049B5CA /* ESP_NetUtil.h */ = {isa = PBXFileReference; fileEncoding = 4; lastKnownFileType = sourcecode.c.h; path = ESP_NetUtil.h; sourceTree = "<group>"; };
		F9859D8D1BF211AC0049B5CA /* ESP_NetUtil.m */ = {isa = PBXFileReference; fileEncoding = 4; lastKnownFileType = sourcecode.c.objc; path = ESP_NetUtil.m; sourceTree = "<group>"; };
		F9859D8E1BF211AC0049B5CA /* ESPDataCode.h */ = {isa = PBXFileReference; fileEncoding = 4; lastKnownFileType = sourcecode.c.h; path = ESPDataCode.h; sourceTree = "<group>"; };
		F9859D8F1BF211AC0049B5CA /* ESPDataCode.m */ = {isa = PBXFileReference; fileEncoding = 4; lastKnownFileType = sourcecode.c.objc; path = ESPDataCode.m; sourceTree = "<group>"; };
		F9859D901BF211AC0049B5CA /* ESPDatumCode.h */ = {isa = PBXFileReference; fileEncoding = 4; lastKnownFileType = sourcecode.c.h; path = ESPDatumCode.h; sourceTree = "<group>"; };
		F9859D911BF211AC0049B5CA /* ESPDatumCode.m */ = {isa = PBXFileReference; fileEncoding = 4; lastKnownFileType = sourcecode.c.objc; path = ESPDatumCode.m; sourceTree = "<group>"; };
		F9859D921BF211AC0049B5CA /* ESPGuideCode.h */ = {isa = PBXFileReference; fileEncoding = 4; lastKnownFileType = sourcecode.c.h; path = ESPGuideCode.h; sourceTree = "<group>"; };
		F9859D931BF211AC0049B5CA /* ESPGuideCode.m */ = {isa = PBXFileReference; fileEncoding = 4; lastKnownFileType = sourcecode.c.objc; path = ESPGuideCode.m; sourceTree = "<group>"; };
		F9859D951BF211AC0049B5CA /* ESPTouchGenerator.h */ = {isa = PBXFileReference; fileEncoding = 4; lastKnownFileType = sourcecode.c.h; path = ESPTouchGenerator.h; sourceTree = "<group>"; };
		F9859D961BF211AC0049B5CA /* ESPTouchGenerator.m */ = {isa = PBXFileReference; fileEncoding = 4; lastKnownFileType = sourcecode.c.objc; path = ESPTouchGenerator.m; sourceTree = "<group>"; };
		F9859D971BF211AC0049B5CA /* ESPTouchResult.h */ = {isa = PBXFileReference; fileEncoding = 4; lastKnownFileType = sourcecode.c.h; path = ESPTouchResult.h; sourceTree = "<group>"; };
		F9859D981BF211AC0049B5CA /* ESPTouchResult.m */ = {isa = PBXFileReference; fileEncoding = 4; lastKnownFileType = sourcecode.c.objc; path = ESPTouchResult.m; sourceTree = "<group>"; };
		F9859D991BF211AC0049B5CA /* ESPTouchTask.h */ = {isa = PBXFileReference; fileEncoding = 4; lastKnownFileType = sourcecode.c.h; path = ESPTouchTask.h; sourceTree = "<group>"; };
		F9859D9A1BF211AC0049B5CA /* ESPTouchTask.m */ = {isa = PBXFileReference; fileEncoding = 4; lastKnownFileType = sourcecode.c.objc; path = ESPTouchTask.m; sourceTree = "<group>"; };
		F9859D9B1BF211AC0049B5CA /* ESPTouchTaskParameter.h */ = {isa = PBXFileReference; fileEncoding = 4; lastKnownFileType = sourcecode.c.h; path = ESPTouchTaskParameter.h; sourceTree = "<group>"; };
		F9859D9C1BF211AC0049B5CA /* ESPTouchTaskParameter.m */ = {isa = PBXFileReference; fileEncoding = 4; lastKnownFileType = sourcecode.c.objc; path = ESPTouchTaskParameter.m; sourceTree = "<group>"; };
		F9859D9D1BF211AC0049B5CA /* ESPUDPSocketClient.h */ = {isa = PBXFileReference; fileEncoding = 4; lastKnownFileType = sourcecode.c.h; path = ESPUDPSocketClient.h; sourceTree = "<group>"; };
		F9859D9E1BF211AC0049B5CA /* ESPUDPSocketClient.m */ = {isa = PBXFileReference; fileEncoding = 4; lastKnownFileType = sourcecode.c.objc; path = ESPUDPSocketClient.m; sourceTree = "<group>"; };
		F9859D9F1BF211AC0049B5CA /* ESPUDPSocketServer.h */ = {isa = PBXFileReference; fileEncoding = 4; lastKnownFileType = sourcecode.c.h; path = ESPUDPSocketServer.h; sourceTree = "<group>"; };
		F9859DA01BF211AC0049B5CA /* ESPUDPSocketServer.m */ = {isa = PBXFileReference; fileEncoding = 4; lastKnownFileType = sourcecode.c.objc; path = ESPUDPSocketServer.m; sourceTree = "<group>"; };
		F9859DA11BF211AC0049B5CA /* IPAddress.c */ = {isa = PBXFileReference; explicitFileType = sourcecode.c.objc; fileEncoding = 4; path = IPAddress.c; sourceTree = "<group>"; };
		F9859DA21BF211AC0049B5CA /* IPAddress.h */ = {isa = PBXFileReference; fileEncoding = 4; lastKnownFileType = sourcecode.c.h; path = IPAddress.h; sourceTree = "<group>"; };
		F9859DB01BF218850049B5CA /* libstdc++.6.0.9.tbd */ = {isa = PBXFileReference; lastKnownFileType = "sourcecode.text-based-dylib-definition"; name = "libstdc++.6.0.9.tbd"; path = "usr/lib/libstdc++.6.0.9.tbd"; sourceTree = SDKROOT; };
		F98B9FF11BCF928200B5FEAF /* FYSDJRViewController.h */ = {isa = PBXFileReference; fileEncoding = 4; lastKnownFileType = sourcecode.c.h; path = FYSDJRViewController.h; sourceTree = "<group>"; };
		F98B9FF21BCF928200B5FEAF /* FYSDJRViewController.m */ = {isa = PBXFileReference; fileEncoding = 4; lastKnownFileType = sourcecode.c.objc; path = FYSDJRViewController.m; sourceTree = "<group>"; };
		F98B9FF31BCF928200B5FEAF /* FYSDJRViewController.xib */ = {isa = PBXFileReference; fileEncoding = 4; lastKnownFileType = file.xib; path = FYSDJRViewController.xib; sourceTree = "<group>"; };
		F98B9FF61BCF9D0300B5FEAF /* FYDSJRViewController.h */ = {isa = PBXFileReference; fileEncoding = 4; lastKnownFileType = sourcecode.c.h; path = FYDSJRViewController.h; sourceTree = "<group>"; };
		F98B9FF71BCF9D0300B5FEAF /* FYDSJRViewController.m */ = {isa = PBXFileReference; fileEncoding = 4; lastKnownFileType = sourcecode.c.objc; path = FYDSJRViewController.m; sourceTree = "<group>"; };
		F98B9FF81BCF9D0300B5FEAF /* FYDSJRViewController.xib */ = {isa = PBXFileReference; fileEncoding = 4; lastKnownFileType = file.xib; path = FYDSJRViewController.xib; sourceTree = "<group>"; };
		F99463AA1BD6822E008B9F54 /* FYAboutViewController.h */ = {isa = PBXFileReference; fileEncoding = 4; lastKnownFileType = sourcecode.c.h; path = FYAboutViewController.h; sourceTree = "<group>"; };
		F99463AB1BD6822E008B9F54 /* FYAboutViewController.m */ = {isa = PBXFileReference; fileEncoding = 4; lastKnownFileType = sourcecode.c.objc; path = FYAboutViewController.m; sourceTree = "<group>"; };
		F99463AC1BD6822E008B9F54 /* FYAboutViewController.xib */ = {isa = PBXFileReference; fileEncoding = 4; lastKnownFileType = file.xib; path = FYAboutViewController.xib; sourceTree = "<group>"; };
		F9A1E05B1BCCF6AE00A92B90 /* SystemConfiguration.framework */ = {isa = PBXFileReference; lastKnownFileType = wrapper.framework; name = SystemConfiguration.framework; path = System/Library/Frameworks/SystemConfiguration.framework; sourceTree = SDKROOT; };
		F9B0636C1BD7A41A00471DF4 /* FYUDPNetWork.h */ = {isa = PBXFileReference; fileEncoding = 4; lastKnownFileType = sourcecode.c.h; path = FYUDPNetWork.h; sourceTree = "<group>"; };
		F9B0636D1BD7A41A00471DF4 /* FYUDPNetWork.m */ = {isa = PBXFileReference; fileEncoding = 4; lastKnownFileType = sourcecode.c.objc; path = FYUDPNetWork.m; sourceTree = "<group>"; };
		F9B441B81BD4F2DA005148D1 /* CocoaAsyncSocket.h */ = {isa = PBXFileReference; fileEncoding = 4; lastKnownFileType = sourcecode.c.h; path = CocoaAsyncSocket.h; sourceTree = "<group>"; };
		F9B441BA1BD4F2DA005148D1 /* GCDAsyncSocket.h */ = {isa = PBXFileReference; fileEncoding = 4; lastKnownFileType = sourcecode.c.h; path = GCDAsyncSocket.h; sourceTree = "<group>"; };
		F9B441BB1BD4F2DA005148D1 /* GCDAsyncSocket.m */ = {isa = PBXFileReference; fileEncoding = 4; lastKnownFileType = sourcecode.c.objc; path = GCDAsyncSocket.m; sourceTree = "<group>"; };
		F9B441BC1BD4F2DA005148D1 /* GCDAsyncUdpSocket.h */ = {isa = PBXFileReference; fileEncoding = 4; lastKnownFileType = sourcecode.c.h; path = GCDAsyncUdpSocket.h; sourceTree = "<group>"; };
		F9B441BD1BD4F2DA005148D1 /* GCDAsyncUdpSocket.m */ = {isa = PBXFileReference; fileEncoding = 4; lastKnownFileType = sourcecode.c.objc; path = GCDAsyncUdpSocket.m; sourceTree = "<group>"; };
		F9B441BF1BD4F2DA005148D1 /* AsyncSocket.h */ = {isa = PBXFileReference; fileEncoding = 4; lastKnownFileType = sourcecode.c.h; path = AsyncSocket.h; sourceTree = "<group>"; };
		F9B441C01BD4F2DA005148D1 /* AsyncSocket.m */ = {isa = PBXFileReference; fileEncoding = 4; lastKnownFileType = sourcecode.c.objc; path = AsyncSocket.m; sourceTree = "<group>"; };
		F9B441C11BD4F2DA005148D1 /* AsyncUdpSocket.h */ = {isa = PBXFileReference; fileEncoding = 4; lastKnownFileType = sourcecode.c.h; path = AsyncUdpSocket.h; sourceTree = "<group>"; };
		F9B441C21BD4F2DA005148D1 /* AsyncUdpSocket.m */ = {isa = PBXFileReference; fileEncoding = 4; lastKnownFileType = sourcecode.c.objc; path = AsyncUdpSocket.m; sourceTree = "<group>"; };
		F9B441C31BD4F2DA005148D1 /* Documentation.html */ = {isa = PBXFileReference; fileEncoding = 4; lastKnownFileType = text.html; path = Documentation.html; sourceTree = "<group>"; };
		F9B441CA1BD4F339005148D1 /* FYTCPNetWork.h */ = {isa = PBXFileReference; fileEncoding = 4; lastKnownFileType = sourcecode.c.h; path = FYTCPNetWork.h; sourceTree = "<group>"; };
		F9B441CB1BD4F339005148D1 /* FYTCPNetWork.m */ = {isa = PBXFileReference; fileEncoding = 4; lastKnownFileType = sourcecode.c.objc; path = FYTCPNetWork.m; sourceTree = "<group>"; };
		F9C323101C0ACD67004D45E7 /* APService.h */ = {isa = PBXFileReference; fileEncoding = 4; lastKnownFileType = sourcecode.c.h; path = APService.h; sourceTree = "<group>"; };
		F9C323111C0ACD67004D45E7 /* libPushSDK-1.8.8.a */ = {isa = PBXFileReference; lastKnownFileType = archive.ar; path = "libPushSDK-1.8.8.a"; sourceTree = "<group>"; };
		F9C323131C0ACF6C004D45E7 /* libz.tbd */ = {isa = PBXFileReference; lastKnownFileType = "sourcecode.text-based-dylib-definition"; name = libz.tbd; path = usr/lib/libz.tbd; sourceTree = SDKROOT; };
		F9C323151C0ACF71004D45E7 /* Security.framework */ = {isa = PBXFileReference; lastKnownFileType = wrapper.framework; name = Security.framework; path = System/Library/Frameworks/Security.framework; sourceTree = SDKROOT; };
		F9C323171C0ACF88004D45E7 /* CoreTelephony.framework */ = {isa = PBXFileReference; lastKnownFileType = wrapper.framework; name = CoreTelephony.framework; path = System/Library/Frameworks/CoreTelephony.framework; sourceTree = SDKROOT; };
		F9C323191C0ACF8D004D45E7 /* CoreFoundation.framework */ = {isa = PBXFileReference; lastKnownFileType = wrapper.framework; name = CoreFoundation.framework; path = System/Library/Frameworks/CoreFoundation.framework; sourceTree = SDKROOT; };
		F9C3231B1C0ACF95004D45E7 /* CFNetwork.framework */ = {isa = PBXFileReference; lastKnownFileType = wrapper.framework; name = CFNetwork.framework; path = System/Library/Frameworks/CFNetwork.framework; sourceTree = SDKROOT; };
		F9C3231D1C0AD2D7004D45E7 /* PushConfig.plist */ = {isa = PBXFileReference; fileEncoding = 4; lastKnownFileType = text.plist.xml; path = PushConfig.plist; sourceTree = "<group>"; };
		F9CEB4871BDBC5F700C0AEA1 /* FYTCPSpecialNetWork.h */ = {isa = PBXFileReference; fileEncoding = 4; lastKnownFileType = sourcecode.c.h; path = FYTCPSpecialNetWork.h; sourceTree = "<group>"; };
		F9CEB4881BDBC5F700C0AEA1 /* FYTCPSpecialNetWork.m */ = {isa = PBXFileReference; fileEncoding = 4; lastKnownFileType = sourcecode.c.objc; path = FYTCPSpecialNetWork.m; sourceTree = "<group>"; };
		F9DE290E1BD5E2BF0009F667 /* FYProgressHUD.h */ = {isa = PBXFileReference; fileEncoding = 4; lastKnownFileType = sourcecode.c.h; path = FYProgressHUD.h; sourceTree = "<group>"; };
		F9DE290F1BD5E2BF0009F667 /* FYProgressHUD.m */ = {isa = PBXFileReference; fileEncoding = 4; lastKnownFileType = sourcecode.c.objc; path = FYProgressHUD.m; sourceTree = "<group>"; };
		F9DE29111BD61AE60009F667 /* FYDevice.h */ = {isa = PBXFileReference; fileEncoding = 4; lastKnownFileType = sourcecode.c.h; path = FYDevice.h; sourceTree = "<group>"; };
		F9DE29121BD61AE60009F667 /* FYDevice.m */ = {isa = PBXFileReference; fileEncoding = 4; lastKnownFileType = sourcecode.c.objc; path = FYDevice.m; sourceTree = "<group>"; };
		F9DEF7AE1BC7F5CC00520CAA /* FYIntelligence.app */ = {isa = PBXFileReference; explicitFileType = wrapper.application; includeInIndex = 0; path = FYIntelligence.app; sourceTree = BUILT_PRODUCTS_DIR; };
		F9DEF7B21BC7F5CC00520CAA /* Info.plist */ = {isa = PBXFileReference; lastKnownFileType = text.plist.xml; path = Info.plist; sourceTree = "<group>"; };
		F9DEF7B31BC7F5CC00520CAA /* main.m */ = {isa = PBXFileReference; lastKnownFileType = sourcecode.c.objc; path = main.m; sourceTree = "<group>"; };
		F9DEF7B51BC7F5CC00520CAA /* AppDelegate.h */ = {isa = PBXFileReference; lastKnownFileType = sourcecode.c.h; path = AppDelegate.h; sourceTree = "<group>"; };
		F9DEF7B61BC7F5CC00520CAA /* AppDelegate.m */ = {isa = PBXFileReference; lastKnownFileType = sourcecode.c.objc; path = AppDelegate.m; sourceTree = "<group>"; };
		F9DEF7B81BC7F5CC00520CAA /* ViewController.h */ = {isa = PBXFileReference; lastKnownFileType = sourcecode.c.h; path = ViewController.h; sourceTree = "<group>"; };
		F9DEF7B91BC7F5CC00520CAA /* ViewController.m */ = {isa = PBXFileReference; lastKnownFileType = sourcecode.c.objc; path = ViewController.m; sourceTree = "<group>"; };
		F9DEF7BC1BC7F5CC00520CAA /* Base */ = {isa = PBXFileReference; lastKnownFileType = file.storyboard; name = Base; path = Base.lproj/Main.storyboard; sourceTree = "<group>"; };
		F9DEF7BE1BC7F5CC00520CAA /* Images.xcassets */ = {isa = PBXFileReference; lastKnownFileType = folder.assetcatalog; path = Images.xcassets; sourceTree = "<group>"; };
		F9DEF7C11BC7F5CC00520CAA /* Base */ = {isa = PBXFileReference; lastKnownFileType = file.xib; name = Base; path = Base.lproj/LaunchScreen.xib; sourceTree = "<group>"; };
		F9DEF7C71BC7F5CC00520CAA /* FYIntelligenceTests.xctest */ = {isa = PBXFileReference; explicitFileType = wrapper.cfbundle; includeInIndex = 0; path = FYIntelligenceTests.xctest; sourceTree = BUILT_PRODUCTS_DIR; };
		F9DEF7CC1BC7F5CC00520CAA /* Info.plist */ = {isa = PBXFileReference; lastKnownFileType = text.plist.xml; path = Info.plist; sourceTree = "<group>"; };
		F9DEF7CD1BC7F5CC00520CAA /* FYIntelligenceTests.m */ = {isa = PBXFileReference; lastKnownFileType = sourcecode.c.objc; path = FYIntelligenceTests.m; sourceTree = "<group>"; };
		F9F90D031BCBA5DC0036F9B7 /* FYDeviceManagerViewController.h */ = {isa = PBXFileReference; fileEncoding = 4; lastKnownFileType = sourcecode.c.h; path = FYDeviceManagerViewController.h; sourceTree = "<group>"; };
		F9F90D041BCBA5DC0036F9B7 /* FYDeviceManagerViewController.m */ = {isa = PBXFileReference; fileEncoding = 4; lastKnownFileType = sourcecode.c.objc; path = FYDeviceManagerViewController.m; sourceTree = "<group>"; };
		F9F90D051BCBA5DC0036F9B7 /* FYDeviceManagerViewController.xib */ = {isa = PBXFileReference; fileEncoding = 4; lastKnownFileType = file.xib; path = FYDeviceManagerViewController.xib; sourceTree = "<group>"; };
		F9FFE0191C3CF41000EB8779 /* FYHeatCycleViewController.h */ = {isa = PBXFileReference; fileEncoding = 4; lastKnownFileType = sourcecode.c.h; path = FYHeatCycleViewController.h; sourceTree = "<group>"; };
		F9FFE01A1C3CF41000EB8779 /* FYHeatCycleViewController.m */ = {isa = PBXFileReference; fileEncoding = 4; lastKnownFileType = sourcecode.c.objc; path = FYHeatCycleViewController.m; sourceTree = "<group>"; };
		F9FFE01B1C3CF41000EB8779 /* FYHeatCycleViewController.xib */ = {isa = PBXFileReference; fileEncoding = 4; lastKnownFileType = file.xib; path = FYHeatCycleViewController.xib; sourceTree = "<group>"; };
/* End PBXFileReference section */

/* Begin PBXFrameworksBuildPhase section */
		F9DEF7AB1BC7F5CC00520CAA /* Frameworks */ = {
			isa = PBXFrameworksBuildPhase;
			buildActionMask = 2147483647;
			files = (
				F9C3231C1C0ACF95004D45E7 /* CFNetwork.framework in Frameworks */,
				F9C3231A1C0ACF8D004D45E7 /* CoreFoundation.framework in Frameworks */,
				F9C323181C0ACF88004D45E7 /* CoreTelephony.framework in Frameworks */,
				F9A1E05C1BCCF6AE00A92B90 /* SystemConfiguration.framework in Frameworks */,
				F9C323161C0ACF71004D45E7 /* Security.framework in Frameworks */,
				F9C323141C0ACF6C004D45E7 /* libz.tbd in Frameworks */,
				F9859DB11BF218850049B5CA /* libstdc++.6.0.9.tbd in Frameworks */,
				F9C323121C0ACD67004D45E7 /* libPushSDK-1.8.8.a in Frameworks */,
			);
			runOnlyForDeploymentPostprocessing = 0;
		};
		F9DEF7C41BC7F5CC00520CAA /* Frameworks */ = {
			isa = PBXFrameworksBuildPhase;
			buildActionMask = 2147483647;
			files = (
			);
			runOnlyForDeploymentPostprocessing = 0;
		};
/* End PBXFrameworksBuildPhase section */

/* Begin PBXGroup section */
		F95A63681BC7F7A5002B949A /* FYBaseViewController */ = {
			isa = PBXGroup;
			children = (
				F95A63691BC7F7BB002B949A /* FYBaseNavigationViewController.h */,
				F95A636A1BC7F7BB002B949A /* FYBaseNavigationViewController.m */,
				F95A636C1BC7F894002B949A /* FYBaseViewController.h */,
				F95A636D1BC7F894002B949A /* FYBaseViewController.m */,
			);
			path = FYBaseViewController;
			sourceTree = "<group>";
		};
		F96E2F8B1BCE275300B6AF4B /* Category */ = {
			isa = PBXGroup;
			children = (
				F96E2F8F1BCE27BA00B6AF4B /* UIColor+FYColor.h */,
				F96E2F901BCE27BA00B6AF4B /* UIColor+FYColor.m */,
				F96E2F921BCE284600B6AF4B /* UIImage+FYImage.h */,
				F96E2F931BCE284600B6AF4B /* UIImage+FYImage.m */,
			);
			path = Category;
			sourceTree = "<group>";
		};
		F98351551BCA0B0B00809E14 /* User */ = {
			isa = PBXGroup;
			children = (
				F983515B1BCA0B5C00809E14 /* FYRegisterViewController.h */,
				F983515C1BCA0B5C00809E14 /* FYRegisterViewController.m */,
				F983515D1BCA0B5C00809E14 /* FYRegisterViewController.xib */,
				F91C1BEA1BD23767002FC017 /* FYForgrtPWDViewController.h */,
				F91C1BEB1BD23767002FC017 /* FYForgrtPWDViewController.m */,
				F91C1BEC1BD23767002FC017 /* FYForgrtPWDViewController.xib */,
				F98351561BCA0B0B00809E14 /* FYLoginViewController.h */,
				F98351571BCA0B0B00809E14 /* FYLoginViewController.m */,
				F98351581BCA0B0B00809E14 /* FYLoginViewController.xib */,
				F99463AA1BD6822E008B9F54 /* FYAboutViewController.h */,
				F99463AB1BD6822E008B9F54 /* FYAboutViewController.m */,
				F99463AC1BD6822E008B9F54 /* FYAboutViewController.xib */,
			);
			path = User;
			sourceTree = "<group>";
		};
		F98351601BCA26C800809E14 /* List */ = {
			isa = PBXGroup;
			children = (
				F9DE29111BD61AE60009F667 /* FYDevice.h */,
				F9DE29121BD61AE60009F667 /* FYDevice.m */,
				F98351611BCA26E400809E14 /* FYListViewController.h */,
				F98351621BCA26E400809E14 /* FYListViewController.m */,
				F98351631BCA26E400809E14 /* FYListViewController.xib */,
				F98351661BCA270A00809E14 /* FYListTableViewCell.h */,
				F98351671BCA270A00809E14 /* FYListTableViewCell.m */,
				F98351681BCA270A00809E14 /* FYListTableViewCell.xib */,
				F983516B1BCA307100809E14 /* FYDeviceInitViewController.h */,
				F983516C1BCA307100809E14 /* FYDeviceInitViewController.m */,
				F983516D1BCA307100809E14 /* FYDeviceInitViewController.xib */,
				F98351701BCA333000809E14 /* FYAddDeviceViewController.h */,
				F98351711BCA333000809E14 /* FYAddDeviceViewController.m */,
				F98351721BCA333000809E14 /* FYAddDeviceViewController.xib */,
				F98351751BCA370400809E14 /* FYJoinNetViewController.h */,
				F98351761BCA370400809E14 /* FYJoinNetViewController.m */,
				F98351771BCA370400809E14 /* FYJoinNetViewController.xib */,
				F98158291BEDC78C0038F18A /* FYConfigViewController.h */,
				F981582A1BEDC78C0038F18A /* FYConfigViewController.m */,
				F981582B1BEDC78C0038F18A /* FYConfigViewController.xib */,
			);
			path = List;
			sourceTree = "<group>";
		};
		F983517A1BCA3F0C00809E14 /* CustomView */ = {
			isa = PBXGroup;
			children = (
				F9DE290E1BD5E2BF0009F667 /* FYProgressHUD.h */,
				F9DE290F1BD5E2BF0009F667 /* FYProgressHUD.m */,
				F9579BC01BD5162300EA071C /* MBProgressHUD.h */,
				F9579BC11BD5162300EA071C /* MBProgressHUD.m */,
				F983517B1BCA3FAE00809E14 /* FYEnterPINViewController.h */,
				F983517C1BCA3FAE00809E14 /* FYEnterPINViewController.m */,
				F983517D1BCA3FAE00809E14 /* FYEnterPINViewController.xib */,
				F93F982B1BCE6E3300FD46A8 /* FYPickerView.h */,
				F93F982C1BCE6E3300FD46A8 /* FYPickerView.m */,
				F93F982E1BCE7C2800FD46A8 /* FYDatePickerView.h */,
				F93F982F1BCE7C2800FD46A8 /* FYDatePickerView.m */,
			);
			path = CustomView;
			sourceTree = "<group>";
		};
		F9B441B71BD4F2DA005148D1 /* SocketKit */ = {
			isa = PBXGroup;
			children = (
				F9B441B81BD4F2DA005148D1 /* CocoaAsyncSocket.h */,
				F9B441B91BD4F2DA005148D1 /* GCD */,
				F9B441BE1BD4F2DA005148D1 /* RunLoop */,
			);
			path = SocketKit;
			sourceTree = "<group>";
		};
		F9B441B91BD4F2DA005148D1 /* GCD */ = {
			isa = PBXGroup;
			children = (
				F9B441BA1BD4F2DA005148D1 /* GCDAsyncSocket.h */,
				F9B441BB1BD4F2DA005148D1 /* GCDAsyncSocket.m */,
				F9B441BC1BD4F2DA005148D1 /* GCDAsyncUdpSocket.h */,
				F9B441BD1BD4F2DA005148D1 /* GCDAsyncUdpSocket.m */,
			);
			path = GCD;
			sourceTree = "<group>";
		};
		F9B441BE1BD4F2DA005148D1 /* RunLoop */ = {
			isa = PBXGroup;
			children = (
				F9B441BF1BD4F2DA005148D1 /* AsyncSocket.h */,
				F9B441C01BD4F2DA005148D1 /* AsyncSocket.m */,
				F9B441C11BD4F2DA005148D1 /* AsyncUdpSocket.h */,
				F9B441C21BD4F2DA005148D1 /* AsyncUdpSocket.m */,
				F9B441C31BD4F2DA005148D1 /* Documentation.html */,
			);
			path = RunLoop;
			sourceTree = "<group>";
		};
		F9B441C91BD4F323005148D1 /* NetWork */ = {
			isa = PBXGroup;
			children = (
				F9B441CA1BD4F339005148D1 /* FYTCPNetWork.h */,
				F9B441CB1BD4F339005148D1 /* FYTCPNetWork.m */,
				F9B0636C1BD7A41A00471DF4 /* FYUDPNetWork.h */,
				F9B0636D1BD7A41A00471DF4 /* FYUDPNetWork.m */,
				F9CEB4871BDBC5F700C0AEA1 /* FYTCPSpecialNetWork.h */,
				F9CEB4881BDBC5F700C0AEA1 /* FYTCPSpecialNetWork.m */,
			);
			path = NetWork;
			sourceTree = "<group>";
		};
		F9C3230F1C0ACD67004D45E7 /* lib */ = {
			isa = PBXGroup;
			children = (
				F9C323101C0ACD67004D45E7 /* APService.h */,
				F9C3231D1C0AD2D7004D45E7 /* PushConfig.plist */,
				F9C323111C0ACD67004D45E7 /* libPushSDK-1.8.8.a */,
			);
			path = lib;
			sourceTree = "<group>";
		};
		F9DEF7A51BC7F5CC00520CAA = {
			isa = PBXGroup;
			children = (
				F9C3231B1C0ACF95004D45E7 /* CFNetwork.framework */,
				F9C323191C0ACF8D004D45E7 /* CoreFoundation.framework */,
				F9C323171C0ACF88004D45E7 /* CoreTelephony.framework */,
				F9C323151C0ACF71004D45E7 /* Security.framework */,
				F9C323131C0ACF6C004D45E7 /* libz.tbd */,
				F9859DB01BF218850049B5CA /* libstdc++.6.0.9.tbd */,
				F9DEF7B01BC7F5CC00520CAA /* FYIntelligence */,
				F9DEF7CA1BC7F5CC00520CAA /* FYIntelligenceTests */,
				F9DEF7AF1BC7F5CC00520CAA /* Products */,
			);
			sourceTree = "<group>";
		};
		F9DEF7AF1BC7F5CC00520CAA /* Products */ = {
			isa = PBXGroup;
			children = (
				F9DEF7AE1BC7F5CC00520CAA /* FYIntelligence.app */,
				F9DEF7C71BC7F5CC00520CAA /* FYIntelligenceTests.xctest */,
			);
			name = Products;
			sourceTree = "<group>";
		};
		F9DEF7B01BC7F5CC00520CAA /* FYIntelligence */ = {
			isa = PBXGroup;
			children = (
				F9FFE0181C3CF3E900EB8779 /* HeatCycle */,
				F9F0606B1BF1EE240006F266 /* ESP */,
				F9B441C91BD4F323005148D1 /* NetWork */,
				F9B441B71BD4F2DA005148D1 /* SocketKit */,
				F96E2F8B1BCE275300B6AF4B /* Category */,
				F983517A1BCA3F0C00809E14 /* CustomView */,
				F98351601BCA26C800809E14 /* List */,
				F9F90D021BCBA5BA0036F9B7 /* Manager */,
				F98351551BCA0B0B00809E14 /* User */,
				F95A63681BC7F7A5002B949A /* FYBaseViewController */,
				F9DEF7B51BC7F5CC00520CAA /* AppDelegate.h */,
				F9DEF7B61BC7F5CC00520CAA /* AppDelegate.m */,
				F9DEF7B81BC7F5CC00520CAA /* ViewController.h */,
				F9DEF7B91BC7F5CC00520CAA /* ViewController.m */,
				F9C3230F1C0ACD67004D45E7 /* lib */,
				F9DEF7BB1BC7F5CC00520CAA /* Main.storyboard */,
				F9DEF7BE1BC7F5CC00520CAA /* Images.xcassets */,
				F9DEF7C01BC7F5CC00520CAA /* LaunchScreen.xib */,
				F9DEF7B11BC7F5CC00520CAA /* Supporting Files */,
			);
			path = FYIntelligence;
			sourceTree = "<group>";
		};
		F9DEF7B11BC7F5CC00520CAA /* Supporting Files */ = {
			isa = PBXGroup;
			children = (
				F9A1E05B1BCCF6AE00A92B90 /* SystemConfiguration.framework */,
				F9DEF7B21BC7F5CC00520CAA /* Info.plist */,
				F9DEF7B31BC7F5CC00520CAA /* main.m */,
				F95A63761BC7FF5B002B949A /* const.h */,
				F95A63741BC7F918002B949A /* FYPrefixHeader.pch */,
			);
			name = "Supporting Files";
			sourceTree = "<group>";
		};
		F9DEF7CA1BC7F5CC00520CAA /* FYIntelligenceTests */ = {
			isa = PBXGroup;
			children = (
				F9DEF7CD1BC7F5CC00520CAA /* FYIntelligenceTests.m */,
				F9DEF7CB1BC7F5CC00520CAA /* Supporting Files */,
			);
			path = FYIntelligenceTests;
			sourceTree = "<group>";
		};
		F9DEF7CB1BC7F5CC00520CAA /* Supporting Files */ = {
			isa = PBXGroup;
			children = (
				F9DEF7CC1BC7F5CC00520CAA /* Info.plist */,
			);
			name = "Supporting Files";
			sourceTree = "<group>";
		};
		F9F0606B1BF1EE240006F266 /* ESP */ = {
			isa = PBXGroup;
			children = (
				F9859D881BF211AC0049B5CA /* ESP_ByteUtil.h */,
				F9859D891BF211AC0049B5CA /* ESP_ByteUtil.m */,
				F9859D8A1BF211AC0049B5CA /* ESP_CRC8.h */,
				F9859D8B1BF211AC0049B5CA /* ESP_CRC8.m */,
				F9859D8C1BF211AC0049B5CA /* ESP_NetUtil.h */,
				F9859D8D1BF211AC0049B5CA /* ESP_NetUtil.m */,
				F9859D8E1BF211AC0049B5CA /* ESPDataCode.h */,
				F9859D8F1BF211AC0049B5CA /* ESPDataCode.m */,
				F9859D901BF211AC0049B5CA /* ESPDatumCode.h */,
				F9859D911BF211AC0049B5CA /* ESPDatumCode.m */,
				F9859D921BF211AC0049B5CA /* ESPGuideCode.h */,
				F9859D931BF211AC0049B5CA /* ESPGuideCode.m */,
				F9859D951BF211AC0049B5CA /* ESPTouchGenerator.h */,
				F9859D961BF211AC0049B5CA /* ESPTouchGenerator.m */,
				F9859D971BF211AC0049B5CA /* ESPTouchResult.h */,
				F9859D981BF211AC0049B5CA /* ESPTouchResult.m */,
				F9859D991BF211AC0049B5CA /* ESPTouchTask.h */,
				F9859D9A1BF211AC0049B5CA /* ESPTouchTask.m */,
				F9859D9B1BF211AC0049B5CA /* ESPTouchTaskParameter.h */,
				F9859D9C1BF211AC0049B5CA /* ESPTouchTaskParameter.m */,
				F9859D9D1BF211AC0049B5CA /* ESPUDPSocketClient.h */,
				F9859D9E1BF211AC0049B5CA /* ESPUDPSocketClient.m */,
				F9859D9F1BF211AC0049B5CA /* ESPUDPSocketServer.h */,
				F9859DA01BF211AC0049B5CA /* ESPUDPSocketServer.m */,
				F9859DA11BF211AC0049B5CA /* IPAddress.c */,
				F9859DA21BF211AC0049B5CA /* IPAddress.h */,
			);
			path = ESP;
			sourceTree = "<group>";
		};
		F9F90D021BCBA5BA0036F9B7 /* Manager */ = {
			isa = PBXGroup;
			children = (
				F9F90D031BCBA5DC0036F9B7 /* FYDeviceManagerViewController.h */,
				F9F90D041BCBA5DC0036F9B7 /* FYDeviceManagerViewController.m */,
				F9F90D051BCBA5DC0036F9B7 /* FYDeviceManagerViewController.xib */,
				F95113BC1BCD45D60058C7B2 /* FYParamSettingViewController.h */,
				F95113BD1BCD45D60058C7B2 /* FYParamSettingViewController.m */,
				F95113BE1BCD45D60058C7B2 /* FYParamSettingViewController.xib */,
				F95113C11BCD464A0058C7B2 /* FYParamSettingTableViewCell.h */,
				F95113C21BCD464A0058C7B2 /* FYParamSettingTableViewCell.m */,
				F95113C31BCD464A0058C7B2 /* FYParamSettingTableViewCell.xib */,
				F96E2F951BCE385500B6AF4B /* FYSDSSViewController.h */,
				F96E2F961BCE385500B6AF4B /* FYSDSSViewController.m */,
				F96E2F971BCE385500B6AF4B /* FYSDSSViewController.xib */,
				F96E2FE01BCE6A7600B6AF4B /* FYDSSSViewController.h */,
				F96E2FE11BCE6A7600B6AF4B /* FYDSSSViewController.m */,
				F96E2FE21BCE6A7600B6AF4B /* FYDSSSViewController.xib */,
				F97340B81BCFEE65006D1740 /* FYWKJSViewController.h */,
				F97340B91BCFEE65006D1740 /* FYWKJSViewController.m */,
				F97340BA1BCFEE65006D1740 /* FYWKJSViewController.xib */,
				F98B9FF11BCF928200B5FEAF /* FYSDJRViewController.h */,
				F98B9FF21BCF928200B5FEAF /* FYSDJRViewController.m */,
				F98B9FF31BCF928200B5FEAF /* FYSDJRViewController.xib */,
				F98B9FF61BCF9D0300B5FEAF /* FYDSJRViewController.h */,
				F98B9FF71BCF9D0300B5FEAF /* FYDSJRViewController.m */,
				F98B9FF81BCF9D0300B5FEAF /* FYDSJRViewController.xib */,
				F973409A1BCFE8B2006D1740 /* FYHWJRViewController.h */,
				F973409B1BCFE8B2006D1740 /* FYHWJRViewController.m */,
				F973409C1BCFE8B2006D1740 /* FYHWJRViewController.xib */,
				F973409F1BCFECEF006D1740 /* FYGDXHViewController.h */,
				F97340A01BCFECEF006D1740 /* FYGDXHViewController.m */,
				F97340A11BCFECEF006D1740 /* FYGDXHViewController.xib */,
				F97340A41BCFED4E006D1740 /* FYFDBHViewController.h */,
				F97340A51BCFED4E006D1740 /* FYFDBHViewController.m */,
				F97340A61BCFED4E006D1740 /* FYFDBHViewController.xib */,
				F97340A91BCFED60006D1740 /* FYYSBJViewController.h */,
				F97340AA1BCFED60006D1740 /* FYYSBJViewController.m */,
				F97340AB1BCFED60006D1740 /* FYYSBJViewController.xib */,
				F97340AE1BCFED73006D1740 /* FYHSWViewController.h */,
				F97340AF1BCFED73006D1740 /* FYHSWViewController.m */,
				F97340B01BCFED73006D1740 /* FYHSWViewController.xib */,
				F97340B31BCFED8F006D1740 /* FYWCXHViewController.h */,
				F97340B41BCFED8F006D1740 /* FYWCXHViewController.m */,
				F97340B51BCFED8F006D1740 /* FYWCXHViewController.xib */,
			);
			path = Manager;
			sourceTree = "<group>";
		};
		F9FFE0181C3CF3E900EB8779 /* HeatCycle */ = {
			isa = PBXGroup;
			children = (
				F9FFE0191C3CF41000EB8779 /* FYHeatCycleViewController.h */,
				F9FFE01A1C3CF41000EB8779 /* FYHeatCycleViewController.m */,
				F9FFE01B1C3CF41000EB8779 /* FYHeatCycleViewController.xib */,
			);
			path = HeatCycle;
			sourceTree = "<group>";
		};
/* End PBXGroup section */

/* Begin PBXNativeTarget section */
		F9DEF7AD1BC7F5CC00520CAA /* FYIntelligence */ = {
			isa = PBXNativeTarget;
			buildConfigurationList = F9DEF7D11BC7F5CC00520CAA /* Build configuration list for PBXNativeTarget "FYIntelligence" */;
			buildPhases = (
				F9DEF7AA1BC7F5CC00520CAA /* Sources */,
				F9DEF7AB1BC7F5CC00520CAA /* Frameworks */,
				F9DEF7AC1BC7F5CC00520CAA /* Resources */,
			);
			buildRules = (
			);
			dependencies = (
			);
			name = FYIntelligence;
			productName = FYIntelligence;
			productReference = F9DEF7AE1BC7F5CC00520CAA /* FYIntelligence.app */;
			productType = "com.apple.product-type.application";
		};
		F9DEF7C61BC7F5CC00520CAA /* FYIntelligenceTests */ = {
			isa = PBXNativeTarget;
			buildConfigurationList = F9DEF7D41BC7F5CC00520CAA /* Build configuration list for PBXNativeTarget "FYIntelligenceTests" */;
			buildPhases = (
				F9DEF7C31BC7F5CC00520CAA /* Sources */,
				F9DEF7C41BC7F5CC00520CAA /* Frameworks */,
				F9DEF7C51BC7F5CC00520CAA /* Resources */,
			);
			buildRules = (
			);
			dependencies = (
				F9DEF7C91BC7F5CC00520CAA /* PBXTargetDependency */,
			);
			name = FYIntelligenceTests;
			productName = FYIntelligenceTests;
			productReference = F9DEF7C71BC7F5CC00520CAA /* FYIntelligenceTests.xctest */;
			productType = "com.apple.product-type.bundle.unit-test";
		};
/* End PBXNativeTarget section */

/* Begin PBXProject section */
		F9DEF7A61BC7F5CC00520CAA /* Project object */ = {
			isa = PBXProject;
			attributes = {
				LastUpgradeCheck = 0700;
				ORGANIZATIONNAME = changxicao;
				TargetAttributes = {
					F9DEF7AD1BC7F5CC00520CAA = {
						CreatedOnToolsVersion = 6.4;
						DevelopmentTeam = N65WEX6NUE;
						SystemCapabilities = {
							com.apple.BackgroundModes = {
								enabled = 1;
							};
						};
					};
					F9DEF7C61BC7F5CC00520CAA = {
						CreatedOnToolsVersion = 6.4;
						TestTargetID = F9DEF7AD1BC7F5CC00520CAA;
					};
				};
			};
			buildConfigurationList = F9DEF7A91BC7F5CC00520CAA /* Build configuration list for PBXProject "FYIntelligence" */;
			compatibilityVersion = "Xcode 3.2";
			developmentRegion = English;
			hasScannedForEncodings = 0;
			knownRegions = (
				en,
				Base,
			);
			mainGroup = F9DEF7A51BC7F5CC00520CAA;
			productRefGroup = F9DEF7AF1BC7F5CC00520CAA /* Products */;
			projectDirPath = "";
			projectRoot = "";
			targets = (
				F9DEF7AD1BC7F5CC00520CAA /* FYIntelligence */,
				F9DEF7C61BC7F5CC00520CAA /* FYIntelligenceTests */,
			);
		};
/* End PBXProject section */

/* Begin PBXResourcesBuildPhase section */
		F9DEF7AC1BC7F5CC00520CAA /* Resources */ = {
			isa = PBXResourcesBuildPhase;
			buildActionMask = 2147483647;
			files = (
				F9DEF7BD1BC7F5CC00520CAA /* Main.storyboard in Resources */,
				F97340B71BCFED8F006D1740 /* FYWCXHViewController.xib in Resources */,
				F983516F1BCA307100809E14 /* FYDeviceInitViewController.xib in Resources */,
				F981582D1BEDC78C0038F18A /* FYConfigViewController.xib in Resources */,
				F9C3231E1C0AD2D7004D45E7 /* PushConfig.plist in Resources */,
				F91C1BEE1BD23767002FC017 /* FYForgrtPWDViewController.xib in Resources */,
				F9B441C81BD4F2DA005148D1 /* Documentation.html in Resources */,
				F97340A31BCFECEF006D1740 /* FYGDXHViewController.xib in Resources */,
				F983515A1BCA0B0B00809E14 /* FYLoginViewController.xib in Resources */,
				F9DEF7C21BC7F5CC00520CAA /* LaunchScreen.xib in Resources */,
				F96E2FE41BCE6A7600B6AF4B /* FYDSSSViewController.xib in Resources */,
				F98B9FF51BCF928200B5FEAF /* FYSDJRViewController.xib in Resources */,
				F97340B21BCFED73006D1740 /* FYHSWViewController.xib in Resources */,
				F99463AE1BD6822E008B9F54 /* FYAboutViewController.xib in Resources */,
				F95113C01BCD45D60058C7B2 /* FYParamSettingViewController.xib in Resources */,
				F98351741BCA333000809E14 /* FYAddDeviceViewController.xib in Resources */,
				F9FFE01D1C3CF41000EB8779 /* FYHeatCycleViewController.xib in Resources */,
				F98351651BCA26E400809E14 /* FYListViewController.xib in Resources */,
				F983516A1BCA270A00809E14 /* FYListTableViewCell.xib in Resources */,
				F97340AD1BCFED60006D1740 /* FYYSBJViewController.xib in Resources */,
				F97340BC1BCFEE65006D1740 /* FYWKJSViewController.xib in Resources */,
				F973409E1BCFE8B2006D1740 /* FYHWJRViewController.xib in Resources */,
				F983515F1BCA0B5C00809E14 /* FYRegisterViewController.xib in Resources */,
				F96E2F991BCE385500B6AF4B /* FYSDSSViewController.xib in Resources */,
				F97340A81BCFED4E006D1740 /* FYFDBHViewController.xib in Resources */,
				F983517F1BCA3FAE00809E14 /* FYEnterPINViewController.xib in Resources */,
				F9F90D071BCBA5DC0036F9B7 /* FYDeviceManagerViewController.xib in Resources */,
				F98B9FFA1BCF9D0300B5FEAF /* FYDSJRViewController.xib in Resources */,
				F9DEF7BF1BC7F5CC00520CAA /* Images.xcassets in Resources */,
				F98351791BCA370400809E14 /* FYJoinNetViewController.xib in Resources */,
				F95113C51BCD464A0058C7B2 /* FYParamSettingTableViewCell.xib in Resources */,
			);
			runOnlyForDeploymentPostprocessing = 0;
		};
		F9DEF7C51BC7F5CC00520CAA /* Resources */ = {
			isa = PBXResourcesBuildPhase;
			buildActionMask = 2147483647;
			files = (
			);
			runOnlyForDeploymentPostprocessing = 0;
		};
/* End PBXResourcesBuildPhase section */

/* Begin PBXSourcesBuildPhase section */
		F9DEF7AA1BC7F5CC00520CAA /* Sources */ = {
			isa = PBXSourcesBuildPhase;
			buildActionMask = 2147483647;
			files = (
				F99463AD1BD6822E008B9F54 /* FYAboutViewController.m in Sources */,
				F96E2FE31BCE6A7600B6AF4B /* FYDSSSViewController.m in Sources */,
				F98351691BCA270A00809E14 /* FYListTableViewCell.m in Sources */,
				F9CEB4891BDBC5F700C0AEA1 /* FYTCPSpecialNetWork.m in Sources */,
				F98B9FF91BCF9D0300B5FEAF /* FYDSJRViewController.m in Sources */,
				F9859DAF1BF211AC0049B5CA /* IPAddress.c in Sources */,
				F9859DAC1BF211AC0049B5CA /* ESPTouchTaskParameter.m in Sources */,
				F9B441C71BD4F2DA005148D1 /* AsyncUdpSocket.m in Sources */,
				F97340AC1BCFED60006D1740 /* FYYSBJViewController.m in Sources */,
				F98351781BCA370400809E14 /* FYJoinNetViewController.m in Sources */,
				F9859DA41BF211AC0049B5CA /* ESP_CRC8.m in Sources */,
				F983516E1BCA307100809E14 /* FYDeviceInitViewController.m in Sources */,
				F9579BC21BD5162300EA071C /* MBProgressHUD.m in Sources */,
				F9B441C61BD4F2DA005148D1 /* AsyncSocket.m in Sources */,
				F983515E1BCA0B5C00809E14 /* FYRegisterViewController.m in Sources */,
				F98B9FF41BCF928200B5FEAF /* FYSDJRViewController.m in Sources */,
				F9DEF7BA1BC7F5CC00520CAA /* ViewController.m in Sources */,
				F9B441C41BD4F2DA005148D1 /* GCDAsyncSocket.m in Sources */,
				F9859DA71BF211AC0049B5CA /* ESPDatumCode.m in Sources */,
				F9859DAA1BF211AC0049B5CA /* ESPTouchResult.m in Sources */,
				F97340B11BCFED73006D1740 /* FYHSWViewController.m in Sources */,
				F97340A71BCFED4E006D1740 /* FYFDBHViewController.m in Sources */,
				F95113BF1BCD45D60058C7B2 /* FYParamSettingViewController.m in Sources */,
				F98351591BCA0B0B00809E14 /* FYLoginViewController.m in Sources */,
				F981582C1BEDC78C0038F18A /* FYConfigViewController.m in Sources */,
				F9859DAE1BF211AC0049B5CA /* ESPUDPSocketServer.m in Sources */,
				F9FFE01C1C3CF41000EB8779 /* FYHeatCycleViewController.m in Sources */,
				F9859DAD1BF211AC0049B5CA /* ESPUDPSocketClient.m in Sources */,
				F98351641BCA26E400809E14 /* FYListViewController.m in Sources */,
				F9859DA31BF211AC0049B5CA /* ESP_ByteUtil.m in Sources */,
				F983517E1BCA3FAE00809E14 /* FYEnterPINViewController.m in Sources */,
				F9B0636E1BD7A41A00471DF4 /* FYUDPNetWork.m in Sources */,
				F95113C41BCD464A0058C7B2 /* FYParamSettingTableViewCell.m in Sources */,
				F9DE29131BD61AE60009F667 /* FYDevice.m in Sources */,
				F9DEF7B71BC7F5CC00520CAA /* AppDelegate.m in Sources */,
				F9859DA91BF211AC0049B5CA /* ESPTouchGenerator.m in Sources */,
				F96E2F911BCE27BA00B6AF4B /* UIColor+FYColor.m in Sources */,
				F95A636E1BC7F894002B949A /* FYBaseViewController.m in Sources */,
				F91C1BED1BD23767002FC017 /* FYForgrtPWDViewController.m in Sources */,
				F97340BB1BCFEE65006D1740 /* FYWKJSViewController.m in Sources */,
				F9859DA51BF211AC0049B5CA /* ESP_NetUtil.m in Sources */,
				F9B441C51BD4F2DA005148D1 /* GCDAsyncUdpSocket.m in Sources */,
				F93F982D1BCE6E3300FD46A8 /* FYPickerView.m in Sources */,
				F9859DA81BF211AC0049B5CA /* ESPGuideCode.m in Sources */,
				F95A636B1BC7F7BB002B949A /* FYBaseNavigationViewController.m in Sources */,
				F97340A21BCFECEF006D1740 /* FYGDXHViewController.m in Sources */,
				F9859DA61BF211AC0049B5CA /* ESPDataCode.m in Sources */,
				F9859DAB1BF211AC0049B5CA /* ESPTouchTask.m in Sources */,
				F96E2F981BCE385500B6AF4B /* FYSDSSViewController.m in Sources */,
				F97340B61BCFED8F006D1740 /* FYWCXHViewController.m in Sources */,
				F9F90D061BCBA5DC0036F9B7 /* FYDeviceManagerViewController.m in Sources */,
				F9DE29101BD5E2BF0009F667 /* FYProgressHUD.m in Sources */,
				F9DEF7B41BC7F5CC00520CAA /* main.m in Sources */,
				F93F98301BCE7C2800FD46A8 /* FYDatePickerView.m in Sources */,
				F96E2F941BCE284600B6AF4B /* UIImage+FYImage.m in Sources */,
				F98351731BCA333000809E14 /* FYAddDeviceViewController.m in Sources */,
				F973409D1BCFE8B2006D1740 /* FYHWJRViewController.m in Sources */,
				F9B441CC1BD4F339005148D1 /* FYTCPNetWork.m in Sources */,
			);
			runOnlyForDeploymentPostprocessing = 0;
		};
		F9DEF7C31BC7F5CC00520CAA /* Sources */ = {
			isa = PBXSourcesBuildPhase;
			buildActionMask = 2147483647;
			files = (
				F9DEF7CE1BC7F5CC00520CAA /* FYIntelligenceTests.m in Sources */,
			);
			runOnlyForDeploymentPostprocessing = 0;
		};
/* End PBXSourcesBuildPhase section */

/* Begin PBXTargetDependency section */
		F9DEF7C91BC7F5CC00520CAA /* PBXTargetDependency */ = {
			isa = PBXTargetDependency;
			target = F9DEF7AD1BC7F5CC00520CAA /* FYIntelligence */;
			targetProxy = F9DEF7C81BC7F5CC00520CAA /* PBXContainerItemProxy */;
		};
/* End PBXTargetDependency section */

/* Begin PBXVariantGroup section */
		F9DEF7BB1BC7F5CC00520CAA /* Main.storyboard */ = {
			isa = PBXVariantGroup;
			children = (
				F9DEF7BC1BC7F5CC00520CAA /* Base */,
			);
			name = Main.storyboard;
			sourceTree = "<group>";
		};
		F9DEF7C01BC7F5CC00520CAA /* LaunchScreen.xib */ = {
			isa = PBXVariantGroup;
			children = (
				F9DEF7C11BC7F5CC00520CAA /* Base */,
			);
			name = LaunchScreen.xib;
			sourceTree = "<group>";
		};
/* End PBXVariantGroup section */

/* Begin XCBuildConfiguration section */
		F9DEF7CF1BC7F5CC00520CAA /* Debug */ = {
			isa = XCBuildConfiguration;
			buildSettings = {
				ALWAYS_SEARCH_USER_PATHS = NO;
				CLANG_CXX_LANGUAGE_STANDARD = "gnu++0x";
				CLANG_CXX_LIBRARY = "libc++";
				CLANG_ENABLE_MODULES = YES;
				CLANG_ENABLE_OBJC_ARC = YES;
				CLANG_WARN_BOOL_CONVERSION = YES;
				CLANG_WARN_CONSTANT_CONVERSION = YES;
				CLANG_WARN_DIRECT_OBJC_ISA_USAGE = YES_ERROR;
				CLANG_WARN_EMPTY_BODY = YES;
				CLANG_WARN_ENUM_CONVERSION = YES;
				CLANG_WARN_INT_CONVERSION = YES;
				CLANG_WARN_OBJC_ROOT_CLASS = YES_ERROR;
				CLANG_WARN_UNREACHABLE_CODE = YES;
				CLANG_WARN__DUPLICATE_METHOD_MATCH = YES;
				"CODE_SIGN_IDENTITY[sdk=iphoneos*]" = "iPhone Developer";
				COPY_PHASE_STRIP = NO;
				DEBUG_INFORMATION_FORMAT = "dwarf-with-dsym";
				ENABLE_STRICT_OBJC_MSGSEND = YES;
				ENABLE_TESTABILITY = YES;
				GCC_C_LANGUAGE_STANDARD = gnu99;
				GCC_DYNAMIC_NO_PIC = NO;
				GCC_NO_COMMON_BLOCKS = YES;
				GCC_OPTIMIZATION_LEVEL = 0;
				GCC_PREPROCESSOR_DEFINITIONS = (
					"DEBUG=1",
					"$(inherited)",
				);
				GCC_SYMBOLS_PRIVATE_EXTERN = NO;
				GCC_WARN_64_TO_32_BIT_CONVERSION = YES;
				GCC_WARN_ABOUT_RETURN_TYPE = YES_ERROR;
				GCC_WARN_UNDECLARED_SELECTOR = YES;
				GCC_WARN_UNINITIALIZED_AUTOS = YES_AGGRESSIVE;
				GCC_WARN_UNUSED_FUNCTION = YES;
				GCC_WARN_UNUSED_VARIABLE = YES;
				IPHONEOS_DEPLOYMENT_TARGET = 7.0;
				MTL_ENABLE_DEBUG_INFO = YES;
				ONLY_ACTIVE_ARCH = YES;
				SDKROOT = iphoneos;
			};
			name = Debug;
		};
		F9DEF7D01BC7F5CC00520CAA /* Release */ = {
			isa = XCBuildConfiguration;
			buildSettings = {
				ALWAYS_SEARCH_USER_PATHS = NO;
				CLANG_CXX_LANGUAGE_STANDARD = "gnu++0x";
				CLANG_CXX_LIBRARY = "libc++";
				CLANG_ENABLE_MODULES = YES;
				CLANG_ENABLE_OBJC_ARC = YES;
				CLANG_WARN_BOOL_CONVERSION = YES;
				CLANG_WARN_CONSTANT_CONVERSION = YES;
				CLANG_WARN_DIRECT_OBJC_ISA_USAGE = YES_ERROR;
				CLANG_WARN_EMPTY_BODY = YES;
				CLANG_WARN_ENUM_CONVERSION = YES;
				CLANG_WARN_INT_CONVERSION = YES;
				CLANG_WARN_OBJC_ROOT_CLASS = YES_ERROR;
				CLANG_WARN_UNREACHABLE_CODE = YES;
				CLANG_WARN__DUPLICATE_METHOD_MATCH = YES;
				"CODE_SIGN_IDENTITY[sdk=iphoneos*]" = "iPhone Developer";
				COPY_PHASE_STRIP = NO;
				DEBUG_INFORMATION_FORMAT = "dwarf-with-dsym";
				ENABLE_NS_ASSERTIONS = NO;
				ENABLE_STRICT_OBJC_MSGSEND = YES;
				GCC_C_LANGUAGE_STANDARD = gnu99;
				GCC_NO_COMMON_BLOCKS = YES;
				GCC_WARN_64_TO_32_BIT_CONVERSION = YES;
				GCC_WARN_ABOUT_RETURN_TYPE = YES_ERROR;
				GCC_WARN_UNDECLARED_SELECTOR = YES;
				GCC_WARN_UNINITIALIZED_AUTOS = YES_AGGRESSIVE;
				GCC_WARN_UNUSED_FUNCTION = YES;
				GCC_WARN_UNUSED_VARIABLE = YES;
				IPHONEOS_DEPLOYMENT_TARGET = 7.0;
				MTL_ENABLE_DEBUG_INFO = NO;
				SDKROOT = iphoneos;
				VALIDATE_PRODUCT = YES;
			};
			name = Release;
		};
		F9DEF7D21BC7F5CC00520CAA /* Debug */ = {
			isa = XCBuildConfiguration;
			buildSettings = {
				ASSETCATALOG_COMPILER_APPICON_NAME = AppIcon;
				ASSETCATALOG_COMPILER_LAUNCHIMAGE_NAME = LaunchImage;
				CODE_SIGN_IDENTITY = "iPhone Distribution: Jiangsu SHGOO Technology Co., Ltd";
				DEBUG_INFORMATION_FORMAT = dwarf;
				ENABLE_BITCODE = NO;
				GCC_INPUT_FILETYPE = automatic;
				GCC_PRECOMPILE_PREFIX_HEADER = NO;
				GCC_PREFIX_HEADER = "$(SRCROOT)/FYIntelligence/FYPrefixHeader.pch";
				INFOPLIST_FILE = FYIntelligence/Info.plist;
				IPHONEOS_DEPLOYMENT_TARGET = 7.0;
				LD_RUNPATH_SEARCH_PATHS = "$(inherited) @executable_path/Frameworks";
				LIBRARY_SEARCH_PATHS = (
					"$(inherited)",
					"$(PROJECT_DIR)/FYIntelligence/lib",
				);
				PRODUCT_BUNDLE_IDENTIFIER = com.FYIntelligence.FYIntelligence;
				PRODUCT_NAME = "$(TARGET_NAME)";
				PROVISIONING_PROFILE = "690ae0fe-3269-4801-97b3-b26b209573f0";
			};
			name = Debug;
		};
		F9DEF7D31BC7F5CC00520CAA /* Release */ = {
			isa = XCBuildConfiguration;
			buildSettings = {
				ASSETCATALOG_COMPILER_APPICON_NAME = AppIcon;
				ASSETCATALOG_COMPILER_LAUNCHIMAGE_NAME = LaunchImage;
				CODE_SIGN_IDENTITY = "iPhone Distribution: Jiangsu SHGOO Technology Co., Ltd";
				ENABLE_BITCODE = NO;
				GCC_INPUT_FILETYPE = automatic;
				GCC_PRECOMPILE_PREFIX_HEADER = NO;
				GCC_PREFIX_HEADER = "$(SRCROOT)/FYIntelligence/FYPrefixHeader.pch";
				INFOPLIST_FILE = FYIntelligence/Info.plist;
				IPHONEOS_DEPLOYMENT_TARGET = 7.0;
				LD_RUNPATH_SEARCH_PATHS = "$(inherited) @executable_path/Frameworks";
				LIBRARY_SEARCH_PATHS = (
					"$(inherited)",
					"$(PROJECT_DIR)/FYIntelligence/lib",
				);
				PRODUCT_BUNDLE_IDENTIFIER = com.FYIntelligence.FYIntelligence;
				PRODUCT_NAME = "$(TARGET_NAME)";
				PROVISIONING_PROFILE = "690ae0fe-3269-4801-97b3-b26b209573f0";
			};
			name = Release;
		};
		F9DEF7D51BC7F5CC00520CAA /* Debug */ = {
			isa = XCBuildConfiguration;
			buildSettings = {
				BUNDLE_LOADER = "$(TEST_HOST)";
				FRAMEWORK_SEARCH_PATHS = (
					"$(SDKROOT)/Developer/Library/Frameworks",
					"$(inherited)",
				);
				GCC_PREPROCESSOR_DEFINITIONS = (
					"DEBUG=1",
					"$(inherited)",
				);
				INFOPLIST_FILE = FYIntelligenceTests/Info.plist;
				LD_RUNPATH_SEARCH_PATHS = "$(inherited) @executable_path/Frameworks @loader_path/Frameworks";
				PRODUCT_BUNDLE_IDENTIFIER = "beta.$(PRODUCT_NAME:rfc1034identifier)";
				PRODUCT_NAME = "$(TARGET_NAME)";
				TEST_HOST = "$(BUILT_PRODUCTS_DIR)/FYIntelligence.app/FYIntelligence";
			};
			name = Debug;
		};
		F9DEF7D61BC7F5CC00520CAA /* Release */ = {
			isa = XCBuildConfiguration;
			buildSettings = {
				BUNDLE_LOADER = "$(TEST_HOST)";
				FRAMEWORK_SEARCH_PATHS = (
					"$(SDKROOT)/Developer/Library/Frameworks",
					"$(inherited)",
				);
				INFOPLIST_FILE = FYIntelligenceTests/Info.plist;
				LD_RUNPATH_SEARCH_PATHS = "$(inherited) @executable_path/Frameworks @loader_path/Frameworks";
				PRODUCT_BUNDLE_IDENTIFIER = "beta.$(PRODUCT_NAME:rfc1034identifier)";
				PRODUCT_NAME = "$(TARGET_NAME)";
				TEST_HOST = "$(BUILT_PRODUCTS_DIR)/FYIntelligence.app/FYIntelligence";
			};
			name = Release;
		};
/* End XCBuildConfiguration section */

/* Begin XCConfigurationList section */
		F9DEF7A91BC7F5CC00520CAA /* Build configuration list for PBXProject "FYIntelligence" */ = {
			isa = XCConfigurationList;
			buildConfigurations = (
				F9DEF7CF1BC7F5CC00520CAA /* Debug */,
				F9DEF7D01BC7F5CC00520CAA /* Release */,
			);
			defaultConfigurationIsVisible = 0;
			defaultConfigurationName = Release;
		};
		F9DEF7D11BC7F5CC00520CAA /* Build configuration list for PBXNativeTarget "FYIntelligence" */ = {
			isa = XCConfigurationList;
			buildConfigurations = (
				F9DEF7D21BC7F5CC00520CAA /* Debug */,
				F9DEF7D31BC7F5CC00520CAA /* Release */,
			);
			defaultConfigurationIsVisible = 0;
			defaultConfigurationName = Release;
		};
		F9DEF7D41BC7F5CC00520CAA /* Build configuration list for PBXNativeTarget "FYIntelligenceTests" */ = {
			isa = XCConfigurationList;
			buildConfigurations = (
				F9DEF7D51BC7F5CC00520CAA /* Debug */,
				F9DEF7D61BC7F5CC00520CAA /* Release */,
			);
			defaultConfigurationIsVisible = 0;
			defaultConfigurationName = Release;
		};
/* End XCConfigurationList section */
	};
	rootObject = F9DEF7A61BC7F5CC00520CAA /* Project object */;
}
